// !$*UTF8*$!
{
	archiveVersion = 1;
	classes = {
	};
	objectVersion = 46;
	objects = {

/* Begin PBXBuildFile section */
		116B641519E74F93A42087E8 /* libPods-MatesAccounting.a in Frameworks */ = {isa = PBXBuildFile; fileRef = 83474B4A132942CA88A28906 /* libPods-MatesAccounting.a */; };
		16D7A7B6C14BF4A6151E4637 /* libPods-MatesAccountingTests.a in Frameworks */ = {isa = PBXBuildFile; fileRef = 0ACE5712B21665C2A720478F /* libPods-MatesAccountingTests.a */; };
		9B079B72185A0B26003C654B /* MATabMemberListCell.m in Sources */ = {isa = PBXBuildFile; fileRef = 9B079B71185A0B26003C654B /* MATabMemberListCell.m */; };
		9B079B75185A0E03003C654B /* MAFriendManager.m in Sources */ = {isa = PBXBuildFile; fileRef = 9B079B74185A0E03003C654B /* MAFriendManager.m */; };
		9B079B7E185C8B17003C654B /* MAFriendListViewController.m in Sources */ = {isa = PBXBuildFile; fileRef = 9B079B7D185C8B17003C654B /* MAFriendListViewController.m */; };
		9B079B81185C8BE5003C654B /* MAFriendListCell.m in Sources */ = {isa = PBXBuildFile; fileRef = 9B079B80185C8BE5003C654B /* MAFriendListCell.m */; };
		9B079B86185D8436003C654B /* MABaseCell.m in Sources */ = {isa = PBXBuildFile; fileRef = 9B079B85185D8436003C654B /* MABaseCell.m */; };
		9B2085BD1853760C009C03BD /* MAAlertView.m in Sources */ = {isa = PBXBuildFile; fileRef = 9B2085BC1853760C009C03BD /* MAAlertView.m */; };
		9B25AA0F18532E41008D79B7 /* MAMemberListViewController.m in Sources */ = {isa = PBXBuildFile; fileRef = 9B25AA0E18532E41008D79B7 /* MAMemberListViewController.m */; };
		9B25AA1418533DBC008D79B7 /* MAMemberListCell.m in Sources */ = {isa = PBXBuildFile; fileRef = 9B25AA1318533DBC008D79B7 /* MAMemberListCell.m */; };
		9B25AA1718533E1E008D79B7 /* MAMemberListSectionHeader.m in Sources */ = {isa = PBXBuildFile; fileRef = 9B25AA1618533E1E008D79B7 /* MAMemberListSectionHeader.m */; };
		9B25AA1C1853472C008D79B7 /* MAMemberListSectionEmptyCell.m in Sources */ = {isa = PBXBuildFile; fileRef = 9B25AA1B1853472C008D79B7 /* MAMemberListSectionEmptyCell.m */; };
		9B25AA1F185350FE008D79B7 /* UIColor+MAAddition.m in Sources */ = {isa = PBXBuildFile; fileRef = 9B25AA1E185350FE008D79B7 /* UIColor+MAAddition.m */; };
		9B391C6A183525940025A2FB /* MatesAccounting.xcdatamodeld in Sources */ = {isa = PBXBuildFile; fileRef = 9B391C68183525940025A2FB /* MatesAccounting.xcdatamodeld */; };
		9B391C7C183527CE0025A2FB /* MARootNavigationController.m in Sources */ = {isa = PBXBuildFile; fileRef = 9B391C6D183527CE0025A2FB /* MARootNavigationController.m */; };
		9B391C7D183527CE0025A2FB /* MARootTabBarController.m in Sources */ = {isa = PBXBuildFile; fileRef = 9B391C6F183527CE0025A2FB /* MARootTabBarController.m */; };
		9B391C7E183527CE0025A2FB /* MATabAccountViewController.m in Sources */ = {isa = PBXBuildFile; fileRef = 9B391C72183527CE0025A2FB /* MATabAccountViewController.m */; };
		9B391C7F183527CE0025A2FB /* MATabMemberViewController.m in Sources */ = {isa = PBXBuildFile; fileRef = 9B391C75183527CE0025A2FB /* MATabMemberViewController.m */; };
		9B391C80183527CE0025A2FB /* MATabMoreViewController.m in Sources */ = {isa = PBXBuildFile; fileRef = 9B391C78183527CE0025A2FB /* MATabMoreViewController.m */; };
		9B391C81183527CE0025A2FB /* MATabPaymentViewController.m in Sources */ = {isa = PBXBuildFile; fileRef = 9B391C7B183527CE0025A2FB /* MATabPaymentViewController.m */; };
		9B391C8518352C670025A2FB /* MARootContextManager.m in Sources */ = {isa = PBXBuildFile; fileRef = 9B391C8418352C670025A2FB /* MARootContextManager.m */; };
		9B391C8918352F580025A2FB /* MAUtilityTools.m in Sources */ = {isa = PBXBuildFile; fileRef = 9B391C8818352F580025A2FB /* MAUtilityTools.m */; };
		9B391C9E1835F0D40025A2FB /* MAContextAPI.m in Sources */ = {isa = PBXBuildFile; fileRef = 9B391C9D1835F0D40025A2FB /* MAContextAPI.m */; };
		9B391CA11835FA370025A2FB /* MAGlobalDefinitions.m in Sources */ = {isa = PBXBuildFile; fileRef = 9B391CA01835FA370025A2FB /* MAGlobalDefinitions.m */; };
		9B726B0418BF862500ACDD99 /* UIViewController+MAAddition.m in Sources */ = {isa = PBXBuildFile; fileRef = 9B726B0318BF862500ACDD99 /* UIViewController+MAAddition.m */; };
		9B889393185446B4003A9DCB /* MAMemberDetailViewController.m in Sources */ = {isa = PBXBuildFile; fileRef = 9B889392185446B4003A9DCB /* MAMemberDetailViewController.m */; };
		9B88939618545A60003A9DCB /* MAMemberDetailCommonCell.m in Sources */ = {isa = PBXBuildFile; fileRef = 9B88939518545A60003A9DCB /* MAMemberDetailCommonCell.m */; };
		9B8893991854AA43003A9DCB /* MAMemberDetailBirthdayCell.m in Sources */ = {isa = PBXBuildFile; fileRef = 9B8893981854AA43003A9DCB /* MAMemberDetailBirthdayCell.m */; };
		9B88939C1854ABF7003A9DCB /* MAMemberDetailGenderCell.m in Sources */ = {isa = PBXBuildFile; fileRef = 9B88939B1854ABF7003A9DCB /* MAMemberDetailGenderCell.m */; };
		9B88939F1854C7F8003A9DCB /* NSDate+MAAddition.m in Sources */ = {isa = PBXBuildFile; fileRef = 9B88939E1854C7F8003A9DCB /* NSDate+MAAddition.m */; };
		9BB074CC183B7C950023B728 /* MAccount+expand.m in Sources */ = {isa = PBXBuildFile; fileRef = 9BB074CB183B7C950023B728 /* MAccount+expand.m */; };
		9BB88C851865679500C16895 /* MAManagerPublicDefinitions.m in Sources */ = {isa = PBXBuildFile; fileRef = 9BB88C841865679500C16895 /* MAManagerPublicDefinitions.m */; };
		9BC230FB1849FFA6005ADD59 /* MAGroupDetailViewController.m in Sources */ = {isa = PBXBuildFile; fileRef = 9BC230FA1849FFA6005ADD59 /* MAGroupDetailViewController.m */; };
		9BC23104184B1F11005ADD59 /* MAAccountDetailViewController.m in Sources */ = {isa = PBXBuildFile; fileRef = 9BC23103184B1F11005ADD59 /* MAAccountDetailViewController.m */; };
		9BC23107184B274F005ADD59 /* MAAccountDetailFeeCell.m in Sources */ = {isa = PBXBuildFile; fileRef = 9BC23106184B274F005ADD59 /* MAAccountDetailFeeCell.m */; };
		9BC2310A184B2776005ADD59 /* MAAccountDetailDateCell.m in Sources */ = {isa = PBXBuildFile; fileRef = 9BC23109184B2776005ADD59 /* MAAccountDetailDateCell.m */; };
		9BC2310D184B2799005ADD59 /* MAAccountDetailPayersCell.m in Sources */ = {isa = PBXBuildFile; fileRef = 9BC2310C184B2799005ADD59 /* MAAccountDetailPayersCell.m */; };
		9BC23110184B27BA005ADD59 /* MAAccountDetailConsumersCell.m in Sources */ = {isa = PBXBuildFile; fileRef = 9BC2310F184B27BA005ADD59 /* MAAccountDetailConsumersCell.m */; };
		9BC23113184B27DE005ADD59 /* MAAccountDetailLocationCell.m in Sources */ = {isa = PBXBuildFile; fileRef = 9BC23112184B27DE005ADD59 /* MAAccountDetailLocationCell.m */; };
		9BC23116184B27FD005ADD59 /* MAAccountDetailConsumerDetailCell.m in Sources */ = {isa = PBXBuildFile; fileRef = 9BC23115184B27FD005ADD59 /* MAAccountDetailConsumerDetailCell.m */; };
		9BC23119184B281D005ADD59 /* MAAccountDetailDescriptionCell.m in Sources */ = {isa = PBXBuildFile; fileRef = 9BC23118184B281D005ADD59 /* MAAccountDetailDescriptionCell.m */; };
		9BC2311C184B2EC1005ADD59 /* MAAccountDetailSectionHeader.m in Sources */ = {isa = PBXBuildFile; fileRef = 9BC2311B184B2EC1005ADD59 /* MAAccountDetailSectionHeader.m */; };
		9BCAC02518322997000417FD /* Foundation.framework in Frameworks */ = {isa = PBXBuildFile; fileRef = 9BCAC02418322997000417FD /* Foundation.framework */; };
		9BCAC02718322997000417FD /* CoreGraphics.framework in Frameworks */ = {isa = PBXBuildFile; fileRef = 9BCAC02618322997000417FD /* CoreGraphics.framework */; };
		9BCAC02918322997000417FD /* UIKit.framework in Frameworks */ = {isa = PBXBuildFile; fileRef = 9BCAC02818322997000417FD /* UIKit.framework */; };
		9BCAC02B18322997000417FD /* CoreData.framework in Frameworks */ = {isa = PBXBuildFile; fileRef = 9BCAC02A18322997000417FD /* CoreData.framework */; };
		9BCAC03118322997000417FD /* InfoPlist.strings in Resources */ = {isa = PBXBuildFile; fileRef = 9BCAC02F18322997000417FD /* InfoPlist.strings */; };
		9BCAC03318322997000417FD /* main.mm in Sources */ = {isa = PBXBuildFile; fileRef = 9BCAC03218322997000417FD /* main.mm */; };
		9BCAC03718322997000417FD /* MAAppDelegate.m in Sources */ = {isa = PBXBuildFile; fileRef = 9BCAC03618322997000417FD /* MAAppDelegate.m */; };
		9BCAC03C18322997000417FD /* Images.xcassets in Resources */ = {isa = PBXBuildFile; fileRef = 9BCAC03B18322997000417FD /* Images.xcassets */; };
		9BCAC04318322997000417FD /* XCTest.framework in Frameworks */ = {isa = PBXBuildFile; fileRef = 9BCAC04218322997000417FD /* XCTest.framework */; };
		9BCAC04418322997000417FD /* Foundation.framework in Frameworks */ = {isa = PBXBuildFile; fileRef = 9BCAC02418322997000417FD /* Foundation.framework */; };
		9BCAC04518322997000417FD /* UIKit.framework in Frameworks */ = {isa = PBXBuildFile; fileRef = 9BCAC02818322997000417FD /* UIKit.framework */; };
		9BCAC04618322997000417FD /* CoreData.framework in Frameworks */ = {isa = PBXBuildFile; fileRef = 9BCAC02A18322997000417FD /* CoreData.framework */; };
		9BCAC04E18322997000417FD /* InfoPlist.strings in Resources */ = {isa = PBXBuildFile; fileRef = 9BCAC04C18322997000417FD /* InfoPlist.strings */; };
		9BCAC05018322997000417FD /* MatesAccountingTests.m in Sources */ = {isa = PBXBuildFile; fileRef = 9BCAC04F18322997000417FD /* MatesAccountingTests.m */; };
		9BCAC07918327097000417FD /* MAInit.storyboard in Resources */ = {isa = PBXBuildFile; fileRef = 9BCAC07818327097000417FD /* MAInit.storyboard */; };
		9BD0E7871845E87600BA9F2E /* MATabAccountListCell.m in Sources */ = {isa = PBXBuildFile; fileRef = 9BD0E7861845E87600BA9F2E /* MATabAccountListCell.m */; };
		9BD0E78D1845F82900BA9F2E /* UIView+MAAddition.m in Sources */ = {isa = PBXBuildFile; fileRef = 9BD0E78C1845F82900BA9F2E /* UIView+MAAddition.m */; };
		9BD0E7911845F9F100BA9F2E /* MAGroupManager.m in Sources */ = {isa = PBXBuildFile; fileRef = 9BD0E7901845F9F100BA9F2E /* MAGroupManager.m */; };
		9BD0E7A018465AB500BA9F2E /* MATabAccountGroupInfoCell.m in Sources */ = {isa = PBXBuildFile; fileRef = 9BD0E79F18465AB500BA9F2E /* MATabAccountGroupInfoCell.m */; };
		9BD0E7A6184796FF00BA9F2E /* MATabAccountListSectionHeader.m in Sources */ = {isa = PBXBuildFile; fileRef = 9BD0E7A5184796FF00BA9F2E /* MATabAccountListSectionHeader.m */; };
		9BD0E7AA18479E0800BA9F2E /* MAGroupListViewController.m in Sources */ = {isa = PBXBuildFile; fileRef = 9BD0E7A918479E0800BA9F2E /* MAGroupListViewController.m */; };
		9BD0E7AE1847A93800BA9F2E /* MAGroupListCell.m in Sources */ = {isa = PBXBuildFile; fileRef = 9BD0E7AD1847A93800BA9F2E /* MAGroupListCell.m */; };
		9BD0E7B11847AC9F00BA9F2E /* NSObject+MAAddition.m in Sources */ = {isa = PBXBuildFile; fileRef = 9BD0E7B01847AC9F00BA9F2E /* NSObject+MAAddition.m */; };
		9BD0E7B41847ADB100BA9F2E /* MAAccountManager.m in Sources */ = {isa = PBXBuildFile; fileRef = 9BD0E7B31847ADB100BA9F2E /* MAAccountManager.m */; };
		9BE1DBB518B9F022000BE969 /* MBProgressHUD+MAAddition.m in Sources */ = {isa = PBXBuildFile; fileRef = 9BE1DBB418B9F022000BE969 /* MBProgressHUD+MAAddition.m */; };
		D82541091998FF4F00559835 /* RMemberToGroup.m in Sources */ = {isa = PBXBuildFile; fileRef = D82541081998FF4F00559835 /* RMemberToGroup.m */; };
		D825410C1998FF4F00559835 /* RMemberToAccount.m in Sources */ = {isa = PBXBuildFile; fileRef = D825410B1998FF4F00559835 /* RMemberToAccount.m */; };
		D825410F1998FF4F00559835 /* MAccount.m in Sources */ = {isa = PBXBuildFile; fileRef = D825410E1998FF4F00559835 /* MAccount.m */; };
		D82541121998FF4F00559835 /* MFriend.m in Sources */ = {isa = PBXBuildFile; fileRef = D82541111998FF4F00559835 /* MFriend.m */; };
		D82541151998FF4F00559835 /* MGroup.m in Sources */ = {isa = PBXBuildFile; fileRef = D82541141998FF4F00559835 /* MGroup.m */; };
		D840328619A24DD4002E772C /* MATestDataGenerater.m in Sources */ = {isa = PBXBuildFile; fileRef = D840328519A24DD4002E772C /* MATestDataGenerater.m */; };
		D840328719A24DD4002E772C /* MATestDataGenerater.m in Sources */ = {isa = PBXBuildFile; fileRef = D840328519A24DD4002E772C /* MATestDataGenerater.m */; };
		D8530B5E19A4E92000396DFF /* MALocationManager.m in Sources */ = {isa = PBXBuildFile; fileRef = D8530B5D19A4E92000396DFF /* MALocationManager.m */; };
		D868238919AE2B2C001E3A07 /* NSObject+MAMethodSwizzle.m in Sources */ = {isa = PBXBuildFile; fileRef = D868238819AE2B2C001E3A07 /* NSObject+MAMethodSwizzle.m */; };
		D8841FAA19D86FED0080A986 /* MAObserverObject.m in Sources */ = {isa = PBXBuildFile; fileRef = D8841FA919D86FED0080A986 /* MAObserverObject.m */; };
		D88D00F71999239200E929B7 /* NSDecimalNumber+MAAddition.m in Sources */ = {isa = PBXBuildFile; fileRef = D88D00F61999239200E929B7 /* NSDecimalNumber+MAAddition.m */; };
		D88E3E631995177400FA5005 /* UIApplication+MAAddition.m in Sources */ = {isa = PBXBuildFile; fileRef = D88E3E621995177400FA5005 /* UIApplication+MAAddition.m */; };
		D88E3E6619951B9E00FA5005 /* MARootNavigationControllerDelegate.m in Sources */ = {isa = PBXBuildFile; fileRef = D88E3E6519951B9E00FA5005 /* MARootNavigationControllerDelegate.m */; };
		D88E3E7B1996745100FA5005 /* RMemberToGroup+expand.m in Sources */ = {isa = PBXBuildFile; fileRef = D88E3E7A1996745100FA5005 /* RMemberToGroup+expand.m */; };
		D88E3EA21996869600FA5005 /* NSString+MAAddition.m in Sources */ = {isa = PBXBuildFile; fileRef = D88E3EA11996869600FA5005 /* NSString+MAAddition.m */; };
		D89508F71A014DDB00D45361 /* MATabTableView.m in Sources */ = {isa = PBXBuildFile; fileRef = D89508F61A014DDB00D45361 /* MATabTableView.m */; };
		D897ED0E19CEC72500210CD8 /* MAMemberAccountListSectionHeader.m in Sources */ = {isa = PBXBuildFile; fileRef = D897ED0D19CEC72500210CD8 /* MAMemberAccountListSectionHeader.m */; };
		D8A64C7419B62F8100ED1E47 /* MACommonPersistent.m in Sources */ = {isa = PBXBuildFile; fileRef = D8A64C7319B62F8100ED1E47 /* MACommonPersistent.m */; };
		D8B68E2519A63FD500810E64 /* MPlace.m in Sources */ = {isa = PBXBuildFile; fileRef = D8B68E2419A63FD500810E64 /* MPlace.m */; };
		D8C3082519CDDF8000943B56 /* MAMemberAccountListCell.m in Sources */ = {isa = PBXBuildFile; fileRef = D8C3082419CDDF8000943B56 /* MAMemberAccountListCell.m */; };
		D8D5E5D319C48A12003D5FFE /* MAAccountDetailDeleteCell.m in Sources */ = {isa = PBXBuildFile; fileRef = D8D5E5D219C48A12003D5FFE /* MAAccountDetailDeleteCell.m */; };
		D8D5E5D619C5F645003D5FFE /* MAMemberAccountListViewController.m in Sources */ = {isa = PBXBuildFile; fileRef = D8D5E5D519C5F645003D5FFE /* MAMemberAccountListViewController.m */; };
		D8E25ABD19927FB9006772B4 /* MAAccountSettlementCell.m in Sources */ = {isa = PBXBuildFile; fileRef = D8E25ABC19927FB9006772B4 /* MAAccountSettlementCell.m */; };
		D8EC817819A3AE4300AFCD13 /* MGroup+expand.m in Sources */ = {isa = PBXBuildFile; fileRef = D8EC817719A3AE4300AFCD13 /* MGroup+expand.m */; };
/* End PBXBuildFile section */

/* Begin PBXContainerItemProxy section */
		9BCAC04718322997000417FD /* PBXContainerItemProxy */ = {
			isa = PBXContainerItemProxy;
			containerPortal = 9BCAC01918322997000417FD /* Project object */;
			proxyType = 1;
			remoteGlobalIDString = 9BCAC02018322997000417FD;
			remoteInfo = MatesAccounting;
		};
		D841B55E19D5BC1C0072BE51 /* PBXContainerItemProxy */ = {
			isa = PBXContainerItemProxy;
			containerPortal = 9BCAC01918322997000417FD /* Project object */;
			proxyType = 1;
			remoteGlobalIDString = 9BCAC02018322997000417FD;
			remoteInfo = MatesAccounting;
		};
		D841B56019D5BC1C0072BE51 /* PBXContainerItemProxy */ = {
			isa = PBXContainerItemProxy;
			containerPortal = 9BCAC01918322997000417FD /* Project object */;
			proxyType = 1;
			remoteGlobalIDString = 9BCAC02018322997000417FD;
			remoteInfo = MatesAccounting;
		};
/* End PBXContainerItemProxy section */

/* Begin PBXFileReference section */
		0A76ECDA5FA522704B00A22D /* Pods-MatesAccountingTests.debug.xcconfig */ = {isa = PBXFileReference; includeInIndex = 1; lastKnownFileType = text.xcconfig; name = "Pods-MatesAccountingTests.debug.xcconfig"; path = "Pods/Target Support Files/Pods-MatesAccountingTests/Pods-MatesAccountingTests.debug.xcconfig"; sourceTree = "<group>"; };
		0ACE5712B21665C2A720478F /* libPods-MatesAccountingTests.a */ = {isa = PBXFileReference; explicitFileType = archive.ar; includeInIndex = 0; path = "libPods-MatesAccountingTests.a"; sourceTree = BUILT_PRODUCTS_DIR; };
		126FE4C7B547E5213B9D238D /* Pods-MatesAccounting.debug.xcconfig */ = {isa = PBXFileReference; includeInIndex = 1; lastKnownFileType = text.xcconfig; name = "Pods-MatesAccounting.debug.xcconfig"; path = "Pods/Target Support Files/Pods-MatesAccounting/Pods-MatesAccounting.debug.xcconfig"; sourceTree = "<group>"; };
		83474B4A132942CA88A28906 /* libPods-MatesAccounting.a */ = {isa = PBXFileReference; explicitFileType = archive.ar; includeInIndex = 0; path = "libPods-MatesAccounting.a"; sourceTree = BUILT_PRODUCTS_DIR; };
		9B079B70185A0B26003C654B /* MATabMemberListCell.h */ = {isa = PBXFileReference; fileEncoding = 4; lastKnownFileType = sourcecode.c.h; name = MATabMemberListCell.h; path = MATabMemberCells/MATabMemberListCell.h; sourceTree = "<group>"; };
		9B079B71185A0B26003C654B /* MATabMemberListCell.m */ = {isa = PBXFileReference; fileEncoding = 4; lastKnownFileType = sourcecode.c.objc; name = MATabMemberListCell.m; path = MATabMemberCells/MATabMemberListCell.m; sourceTree = "<group>"; };
		9B079B73185A0E03003C654B /* MAFriendManager.h */ = {isa = PBXFileReference; fileEncoding = 4; lastKnownFileType = sourcecode.c.h; name = MAFriendManager.h; path = MAManagers/MAFriendManager.h; sourceTree = "<group>"; };
		9B079B74185A0E03003C654B /* MAFriendManager.m */ = {isa = PBXFileReference; fileEncoding = 4; lastKnownFileType = sourcecode.c.objc; name = MAFriendManager.m; path = MAManagers/MAFriendManager.m; sourceTree = "<group>"; };
		9B079B7C185C8B17003C654B /* MAFriendListViewController.h */ = {isa = PBXFileReference; fileEncoding = 4; lastKnownFileType = sourcecode.c.h; path = MAFriendListViewController.h; sourceTree = "<group>"; };
		9B079B7D185C8B17003C654B /* MAFriendListViewController.m */ = {isa = PBXFileReference; fileEncoding = 4; lastKnownFileType = sourcecode.c.objc; path = MAFriendListViewController.m; sourceTree = "<group>"; };
		9B079B7F185C8BE5003C654B /* MAFriendListCell.h */ = {isa = PBXFileReference; fileEncoding = 4; lastKnownFileType = sourcecode.c.h; name = MAFriendListCell.h; path = MATabMemberCells/MAFriendListCell.h; sourceTree = "<group>"; };
		9B079B80185C8BE5003C654B /* MAFriendListCell.m */ = {isa = PBXFileReference; fileEncoding = 4; lastKnownFileType = sourcecode.c.objc; name = MAFriendListCell.m; path = MATabMemberCells/MAFriendListCell.m; sourceTree = "<group>"; };
		9B079B83185D8411003C654B /* MACellProtocols.h */ = {isa = PBXFileReference; fileEncoding = 4; lastKnownFileType = sourcecode.c.h; path = MACellProtocols.h; sourceTree = "<group>"; };
		9B079B84185D8436003C654B /* MABaseCell.h */ = {isa = PBXFileReference; fileEncoding = 4; lastKnownFileType = sourcecode.c.h; path = MABaseCell.h; sourceTree = "<group>"; };
		9B079B85185D8436003C654B /* MABaseCell.m */ = {isa = PBXFileReference; fileEncoding = 4; lastKnownFileType = sourcecode.c.objc; path = MABaseCell.m; sourceTree = "<group>"; };
		9B2085BB1853760C009C03BD /* MAAlertView.h */ = {isa = PBXFileReference; fileEncoding = 4; lastKnownFileType = sourcecode.c.h; name = MAAlertView.h; path = MAUtilities/MAAlertView.h; sourceTree = "<group>"; };
		9B2085BC1853760C009C03BD /* MAAlertView.m */ = {isa = PBXFileReference; fileEncoding = 4; lastKnownFileType = sourcecode.c.objc; name = MAAlertView.m; path = MAUtilities/MAAlertView.m; sourceTree = "<group>"; };
		9B25AA0D18532E41008D79B7 /* MAMemberListViewController.h */ = {isa = PBXFileReference; fileEncoding = 4; lastKnownFileType = sourcecode.c.h; path = MAMemberListViewController.h; sourceTree = "<group>"; };
		9B25AA0E18532E41008D79B7 /* MAMemberListViewController.m */ = {isa = PBXFileReference; fileEncoding = 4; lastKnownFileType = sourcecode.c.objc; path = MAMemberListViewController.m; sourceTree = "<group>"; };
		9B25AA1218533DBC008D79B7 /* MAMemberListCell.h */ = {isa = PBXFileReference; fileEncoding = 4; lastKnownFileType = sourcecode.c.h; name = MAMemberListCell.h; path = MATabMemberCells/MAMemberListCell.h; sourceTree = "<group>"; };
		9B25AA1318533DBC008D79B7 /* MAMemberListCell.m */ = {isa = PBXFileReference; fileEncoding = 4; lastKnownFileType = sourcecode.c.objc; name = MAMemberListCell.m; path = MATabMemberCells/MAMemberListCell.m; sourceTree = "<group>"; };
		9B25AA1518533E1E008D79B7 /* MAMemberListSectionHeader.h */ = {isa = PBXFileReference; fileEncoding = 4; lastKnownFileType = sourcecode.c.h; name = MAMemberListSectionHeader.h; path = MATabMemberViews/MAMemberListSectionHeader.h; sourceTree = "<group>"; };
		9B25AA1618533E1E008D79B7 /* MAMemberListSectionHeader.m */ = {isa = PBXFileReference; fileEncoding = 4; lastKnownFileType = sourcecode.c.objc; name = MAMemberListSectionHeader.m; path = MATabMemberViews/MAMemberListSectionHeader.m; sourceTree = "<group>"; };
		9B25AA1A1853472C008D79B7 /* MAMemberListSectionEmptyCell.h */ = {isa = PBXFileReference; fileEncoding = 4; lastKnownFileType = sourcecode.c.h; name = MAMemberListSectionEmptyCell.h; path = MATabMemberCells/MAMemberListSectionEmptyCell.h; sourceTree = "<group>"; };
		9B25AA1B1853472C008D79B7 /* MAMemberListSectionEmptyCell.m */ = {isa = PBXFileReference; fileEncoding = 4; lastKnownFileType = sourcecode.c.objc; name = MAMemberListSectionEmptyCell.m; path = MATabMemberCells/MAMemberListSectionEmptyCell.m; sourceTree = "<group>"; };
		9B25AA1D185350FE008D79B7 /* UIColor+MAAddition.h */ = {isa = PBXFileReference; fileEncoding = 4; lastKnownFileType = sourcecode.c.h; name = "UIColor+MAAddition.h"; path = "MAAdditions/UIColor+MAAddition.h"; sourceTree = "<group>"; };
		9B25AA1E185350FE008D79B7 /* UIColor+MAAddition.m */ = {isa = PBXFileReference; fileEncoding = 4; lastKnownFileType = sourcecode.c.objc; name = "UIColor+MAAddition.m"; path = "MAAdditions/UIColor+MAAddition.m"; sourceTree = "<group>"; };
		9B391C69183525940025A2FB /* MatesAccounting.xcdatamodel */ = {isa = PBXFileReference; lastKnownFileType = wrapper.xcdatamodel; path = MatesAccounting.xcdatamodel; sourceTree = "<group>"; };
		9B391C6C183527CE0025A2FB /* MARootNavigationController.h */ = {isa = PBXFileReference; fileEncoding = 4; lastKnownFileType = sourcecode.c.h; path = MARootNavigationController.h; sourceTree = "<group>"; };
		9B391C6D183527CE0025A2FB /* MARootNavigationController.m */ = {isa = PBXFileReference; fileEncoding = 4; lastKnownFileType = sourcecode.c.objc; path = MARootNavigationController.m; sourceTree = "<group>"; };
		9B391C6E183527CE0025A2FB /* MARootTabBarController.h */ = {isa = PBXFileReference; fileEncoding = 4; lastKnownFileType = sourcecode.c.h; path = MARootTabBarController.h; sourceTree = "<group>"; };
		9B391C6F183527CE0025A2FB /* MARootTabBarController.m */ = {isa = PBXFileReference; fileEncoding = 4; lastKnownFileType = sourcecode.c.objc; path = MARootTabBarController.m; sourceTree = "<group>"; };
		9B391C71183527CE0025A2FB /* MATabAccountViewController.h */ = {isa = PBXFileReference; fileEncoding = 4; lastKnownFileType = sourcecode.c.h; path = MATabAccountViewController.h; sourceTree = "<group>"; };
		9B391C72183527CE0025A2FB /* MATabAccountViewController.m */ = {isa = PBXFileReference; fileEncoding = 4; lastKnownFileType = sourcecode.c.objc; path = MATabAccountViewController.m; sourceTree = "<group>"; };
		9B391C74183527CE0025A2FB /* MATabMemberViewController.h */ = {isa = PBXFileReference; fileEncoding = 4; lastKnownFileType = sourcecode.c.h; path = MATabMemberViewController.h; sourceTree = "<group>"; };
		9B391C75183527CE0025A2FB /* MATabMemberViewController.m */ = {isa = PBXFileReference; fileEncoding = 4; lastKnownFileType = sourcecode.c.objc; path = MATabMemberViewController.m; sourceTree = "<group>"; };
		9B391C77183527CE0025A2FB /* MATabMoreViewController.h */ = {isa = PBXFileReference; fileEncoding = 4; lastKnownFileType = sourcecode.c.h; path = MATabMoreViewController.h; sourceTree = "<group>"; };
		9B391C78183527CE0025A2FB /* MATabMoreViewController.m */ = {isa = PBXFileReference; fileEncoding = 4; lastKnownFileType = sourcecode.c.objc; path = MATabMoreViewController.m; sourceTree = "<group>"; };
		9B391C7A183527CE0025A2FB /* MATabPaymentViewController.h */ = {isa = PBXFileReference; fileEncoding = 4; lastKnownFileType = sourcecode.c.h; path = MATabPaymentViewController.h; sourceTree = "<group>"; };
		9B391C7B183527CE0025A2FB /* MATabPaymentViewController.m */ = {isa = PBXFileReference; fileEncoding = 4; lastKnownFileType = sourcecode.c.objc; path = MATabPaymentViewController.m; sourceTree = "<group>"; };
		9B391C8318352C670025A2FB /* MARootContextManager.h */ = {isa = PBXFileReference; fileEncoding = 4; lastKnownFileType = sourcecode.c.h; name = MARootContextManager.h; path = MADataPersistent/MARootContextManager/MARootContextManager.h; sourceTree = "<group>"; };
		9B391C8418352C670025A2FB /* MARootContextManager.m */ = {isa = PBXFileReference; fileEncoding = 4; lastKnownFileType = sourcecode.c.objc; name = MARootContextManager.m; path = MADataPersistent/MARootContextManager/MARootContextManager.m; sourceTree = "<group>"; };
		9B391C8718352F580025A2FB /* MAUtilityTools.h */ = {isa = PBXFileReference; fileEncoding = 4; lastKnownFileType = sourcecode.c.h; name = MAUtilityTools.h; path = MAUtilities/MAUtilityTools.h; sourceTree = "<group>"; };
		9B391C8818352F580025A2FB /* MAUtilityTools.m */ = {isa = PBXFileReference; fileEncoding = 4; lastKnownFileType = sourcecode.c.objc; name = MAUtilityTools.m; path = MAUtilities/MAUtilityTools.m; sourceTree = "<group>"; };
		9B391C9C1835F0D40025A2FB /* MAContextAPI.h */ = {isa = PBXFileReference; fileEncoding = 4; lastKnownFileType = sourcecode.c.h; name = MAContextAPI.h; path = MADataPersistent/MARootContextManager/MAContextAPI.h; sourceTree = "<group>"; };
		9B391C9D1835F0D40025A2FB /* MAContextAPI.m */ = {isa = PBXFileReference; fileEncoding = 4; lastKnownFileType = sourcecode.c.objc; name = MAContextAPI.m; path = MADataPersistent/MARootContextManager/MAContextAPI.m; sourceTree = "<group>"; };
		9B391C9F1835FA370025A2FB /* MAGlobalDefinitions.h */ = {isa = PBXFileReference; fileEncoding = 4; lastKnownFileType = sourcecode.c.h; path = MAGlobalDefinitions.h; sourceTree = "<group>"; };
		9B391CA01835FA370025A2FB /* MAGlobalDefinitions.m */ = {isa = PBXFileReference; fileEncoding = 4; lastKnownFileType = sourcecode.c.objc; path = MAGlobalDefinitions.m; sourceTree = "<group>"; };
		9B726B0218BF862500ACDD99 /* UIViewController+MAAddition.h */ = {isa = PBXFileReference; fileEncoding = 4; lastKnownFileType = sourcecode.c.h; name = "UIViewController+MAAddition.h"; path = "MAAdditions/UIViewController+MAAddition.h"; sourceTree = "<group>"; };
		9B726B0318BF862500ACDD99 /* UIViewController+MAAddition.m */ = {isa = PBXFileReference; fileEncoding = 4; lastKnownFileType = sourcecode.c.objc; name = "UIViewController+MAAddition.m"; path = "MAAdditions/UIViewController+MAAddition.m"; sourceTree = "<group>"; };
		9B889391185446B4003A9DCB /* MAMemberDetailViewController.h */ = {isa = PBXFileReference; fileEncoding = 4; lastKnownFileType = sourcecode.c.h; path = MAMemberDetailViewController.h; sourceTree = "<group>"; };
		9B889392185446B4003A9DCB /* MAMemberDetailViewController.m */ = {isa = PBXFileReference; fileEncoding = 4; lastKnownFileType = sourcecode.c.objc; path = MAMemberDetailViewController.m; sourceTree = "<group>"; };
		9B88939418545A60003A9DCB /* MAMemberDetailCommonCell.h */ = {isa = PBXFileReference; fileEncoding = 4; lastKnownFileType = sourcecode.c.h; name = MAMemberDetailCommonCell.h; path = MATabMemberCells/MAMemberDetailCommonCell.h; sourceTree = "<group>"; };
		9B88939518545A60003A9DCB /* MAMemberDetailCommonCell.m */ = {isa = PBXFileReference; fileEncoding = 4; lastKnownFileType = sourcecode.c.objc; name = MAMemberDetailCommonCell.m; path = MATabMemberCells/MAMemberDetailCommonCell.m; sourceTree = "<group>"; };
		9B8893971854AA43003A9DCB /* MAMemberDetailBirthdayCell.h */ = {isa = PBXFileReference; fileEncoding = 4; lastKnownFileType = sourcecode.c.h; name = MAMemberDetailBirthdayCell.h; path = MATabMemberCells/MAMemberDetailBirthdayCell.h; sourceTree = "<group>"; };
		9B8893981854AA43003A9DCB /* MAMemberDetailBirthdayCell.m */ = {isa = PBXFileReference; fileEncoding = 4; lastKnownFileType = sourcecode.c.objc; name = MAMemberDetailBirthdayCell.m; path = MATabMemberCells/MAMemberDetailBirthdayCell.m; sourceTree = "<group>"; };
		9B88939A1854ABF7003A9DCB /* MAMemberDetailGenderCell.h */ = {isa = PBXFileReference; fileEncoding = 4; lastKnownFileType = sourcecode.c.h; name = MAMemberDetailGenderCell.h; path = MATabMemberCells/MAMemberDetailGenderCell.h; sourceTree = "<group>"; };
		9B88939B1854ABF7003A9DCB /* MAMemberDetailGenderCell.m */ = {isa = PBXFileReference; fileEncoding = 4; lastKnownFileType = sourcecode.c.objc; name = MAMemberDetailGenderCell.m; path = MATabMemberCells/MAMemberDetailGenderCell.m; sourceTree = "<group>"; };
		9B88939D1854C7F8003A9DCB /* NSDate+MAAddition.h */ = {isa = PBXFileReference; fileEncoding = 4; lastKnownFileType = sourcecode.c.h; name = "NSDate+MAAddition.h"; path = "MAAdditions/NSDate+MAAddition.h"; sourceTree = "<group>"; };
		9B88939E1854C7F8003A9DCB /* NSDate+MAAddition.m */ = {isa = PBXFileReference; fileEncoding = 4; lastKnownFileType = sourcecode.c.objc; name = "NSDate+MAAddition.m"; path = "MAAdditions/NSDate+MAAddition.m"; sourceTree = "<group>"; };
		9BB074CA183B7C950023B728 /* MAccount+expand.h */ = {isa = PBXFileReference; fileEncoding = 4; lastKnownFileType = sourcecode.c.h; name = "MAccount+expand.h"; path = "MAModels/MAccount+expand.h"; sourceTree = "<group>"; };
		9BB074CB183B7C950023B728 /* MAccount+expand.m */ = {isa = PBXFileReference; fileEncoding = 4; lastKnownFileType = sourcecode.c.objc; name = "MAccount+expand.m"; path = "MAModels/MAccount+expand.m"; sourceTree = "<group>"; };
		9BB88C831865679500C16895 /* MAManagerPublicDefinitions.h */ = {isa = PBXFileReference; fileEncoding = 4; lastKnownFileType = sourcecode.c.h; name = MAManagerPublicDefinitions.h; path = MAManagers/MAManagerPublicDefinitions.h; sourceTree = "<group>"; };
		9BB88C841865679500C16895 /* MAManagerPublicDefinitions.m */ = {isa = PBXFileReference; fileEncoding = 4; lastKnownFileType = sourcecode.c.objc; name = MAManagerPublicDefinitions.m; path = MAManagers/MAManagerPublicDefinitions.m; sourceTree = "<group>"; };
		9BC230F91849FFA6005ADD59 /* MAGroupDetailViewController.h */ = {isa = PBXFileReference; fileEncoding = 4; lastKnownFileType = sourcecode.c.h; name = MAGroupDetailViewController.h; path = MAUserInterfaces/MAGroup/MAGroupDetailViewController.h; sourceTree = "<group>"; };
		9BC230FA1849FFA6005ADD59 /* MAGroupDetailViewController.m */ = {isa = PBXFileReference; fileEncoding = 4; lastKnownFileType = sourcecode.c.objc; name = MAGroupDetailViewController.m; path = MAUserInterfaces/MAGroup/MAGroupDetailViewController.m; sourceTree = "<group>"; };
		9BC23102184B1F11005ADD59 /* MAAccountDetailViewController.h */ = {isa = PBXFileReference; fileEncoding = 4; lastKnownFileType = sourcecode.c.h; path = MAAccountDetailViewController.h; sourceTree = "<group>"; };
		9BC23103184B1F11005ADD59 /* MAAccountDetailViewController.m */ = {isa = PBXFileReference; fileEncoding = 4; lastKnownFileType = sourcecode.c.objc; path = MAAccountDetailViewController.m; sourceTree = "<group>"; wrapsLines = 1; };
		9BC23105184B274F005ADD59 /* MAAccountDetailFeeCell.h */ = {isa = PBXFileReference; fileEncoding = 4; lastKnownFileType = sourcecode.c.h; name = MAAccountDetailFeeCell.h; path = MATabAccountCells/MAAccountDetailFeeCell.h; sourceTree = "<group>"; };
		9BC23106184B274F005ADD59 /* MAAccountDetailFeeCell.m */ = {isa = PBXFileReference; fileEncoding = 4; lastKnownFileType = sourcecode.c.objc; name = MAAccountDetailFeeCell.m; path = MATabAccountCells/MAAccountDetailFeeCell.m; sourceTree = "<group>"; };
		9BC23108184B2776005ADD59 /* MAAccountDetailDateCell.h */ = {isa = PBXFileReference; fileEncoding = 4; lastKnownFileType = sourcecode.c.h; name = MAAccountDetailDateCell.h; path = MATabAccountCells/MAAccountDetailDateCell.h; sourceTree = "<group>"; };
		9BC23109184B2776005ADD59 /* MAAccountDetailDateCell.m */ = {isa = PBXFileReference; fileEncoding = 4; lastKnownFileType = sourcecode.c.objc; name = MAAccountDetailDateCell.m; path = MATabAccountCells/MAAccountDetailDateCell.m; sourceTree = "<group>"; };
		9BC2310B184B2799005ADD59 /* MAAccountDetailPayersCell.h */ = {isa = PBXFileReference; fileEncoding = 4; lastKnownFileType = sourcecode.c.h; name = MAAccountDetailPayersCell.h; path = MATabAccountCells/MAAccountDetailPayersCell.h; sourceTree = "<group>"; };
		9BC2310C184B2799005ADD59 /* MAAccountDetailPayersCell.m */ = {isa = PBXFileReference; fileEncoding = 4; lastKnownFileType = sourcecode.c.objc; name = MAAccountDetailPayersCell.m; path = MATabAccountCells/MAAccountDetailPayersCell.m; sourceTree = "<group>"; };
		9BC2310E184B27BA005ADD59 /* MAAccountDetailConsumersCell.h */ = {isa = PBXFileReference; fileEncoding = 4; lastKnownFileType = sourcecode.c.h; name = MAAccountDetailConsumersCell.h; path = MATabAccountCells/MAAccountDetailConsumersCell.h; sourceTree = "<group>"; };
		9BC2310F184B27BA005ADD59 /* MAAccountDetailConsumersCell.m */ = {isa = PBXFileReference; fileEncoding = 4; lastKnownFileType = sourcecode.c.objc; name = MAAccountDetailConsumersCell.m; path = MATabAccountCells/MAAccountDetailConsumersCell.m; sourceTree = "<group>"; };
		9BC23111184B27DE005ADD59 /* MAAccountDetailLocationCell.h */ = {isa = PBXFileReference; fileEncoding = 4; lastKnownFileType = sourcecode.c.h; name = MAAccountDetailLocationCell.h; path = MATabAccountCells/MAAccountDetailLocationCell.h; sourceTree = "<group>"; };
		9BC23112184B27DE005ADD59 /* MAAccountDetailLocationCell.m */ = {isa = PBXFileReference; fileEncoding = 4; lastKnownFileType = sourcecode.c.objc; name = MAAccountDetailLocationCell.m; path = MATabAccountCells/MAAccountDetailLocationCell.m; sourceTree = "<group>"; };
		9BC23114184B27FD005ADD59 /* MAAccountDetailConsumerDetailCell.h */ = {isa = PBXFileReference; fileEncoding = 4; lastKnownFileType = sourcecode.c.h; name = MAAccountDetailConsumerDetailCell.h; path = MATabAccountCells/MAAccountDetailConsumerDetailCell.h; sourceTree = "<group>"; };
		9BC23115184B27FD005ADD59 /* MAAccountDetailConsumerDetailCell.m */ = {isa = PBXFileReference; fileEncoding = 4; lastKnownFileType = sourcecode.c.objc; name = MAAccountDetailConsumerDetailCell.m; path = MATabAccountCells/MAAccountDetailConsumerDetailCell.m; sourceTree = "<group>"; };
		9BC23117184B281D005ADD59 /* MAAccountDetailDescriptionCell.h */ = {isa = PBXFileReference; fileEncoding = 4; lastKnownFileType = sourcecode.c.h; name = MAAccountDetailDescriptionCell.h; path = MATabAccountCells/MAAccountDetailDescriptionCell.h; sourceTree = "<group>"; };
		9BC23118184B281D005ADD59 /* MAAccountDetailDescriptionCell.m */ = {isa = PBXFileReference; fileEncoding = 4; lastKnownFileType = sourcecode.c.objc; name = MAAccountDetailDescriptionCell.m; path = MATabAccountCells/MAAccountDetailDescriptionCell.m; sourceTree = "<group>"; };
		9BC2311A184B2EC1005ADD59 /* MAAccountDetailSectionHeader.h */ = {isa = PBXFileReference; fileEncoding = 4; lastKnownFileType = sourcecode.c.h; name = MAAccountDetailSectionHeader.h; path = MATabAccountViews/MAAccountDetailSectionHeader.h; sourceTree = "<group>"; };
		9BC2311B184B2EC1005ADD59 /* MAAccountDetailSectionHeader.m */ = {isa = PBXFileReference; fileEncoding = 4; lastKnownFileType = sourcecode.c.objc; name = MAAccountDetailSectionHeader.m; path = MATabAccountViews/MAAccountDetailSectionHeader.m; sourceTree = "<group>"; };
		9BCAC02118322997000417FD /* MatesAccounting.app */ = {isa = PBXFileReference; explicitFileType = wrapper.application; includeInIndex = 0; path = MatesAccounting.app; sourceTree = BUILT_PRODUCTS_DIR; };
		9BCAC02418322997000417FD /* Foundation.framework */ = {isa = PBXFileReference; lastKnownFileType = wrapper.framework; name = Foundation.framework; path = System/Library/Frameworks/Foundation.framework; sourceTree = SDKROOT; };
		9BCAC02618322997000417FD /* CoreGraphics.framework */ = {isa = PBXFileReference; lastKnownFileType = wrapper.framework; name = CoreGraphics.framework; path = System/Library/Frameworks/CoreGraphics.framework; sourceTree = SDKROOT; };
		9BCAC02818322997000417FD /* UIKit.framework */ = {isa = PBXFileReference; lastKnownFileType = wrapper.framework; name = UIKit.framework; path = System/Library/Frameworks/UIKit.framework; sourceTree = SDKROOT; };
		9BCAC02A18322997000417FD /* CoreData.framework */ = {isa = PBXFileReference; lastKnownFileType = wrapper.framework; name = CoreData.framework; path = System/Library/Frameworks/CoreData.framework; sourceTree = SDKROOT; };
		9BCAC02E18322997000417FD /* MatesAccounting-Info.plist */ = {isa = PBXFileReference; lastKnownFileType = text.plist.xml; path = "MatesAccounting-Info.plist"; sourceTree = "<group>"; };
		9BCAC03018322997000417FD /* en */ = {isa = PBXFileReference; lastKnownFileType = text.plist.strings; name = en; path = en.lproj/InfoPlist.strings; sourceTree = "<group>"; };
		9BCAC03218322997000417FD /* main.mm */ = {isa = PBXFileReference; lastKnownFileType = sourcecode.cpp.objcpp; path = main.mm; sourceTree = "<group>"; };
		9BCAC03418322997000417FD /* MatesAccounting-Prefix.pch */ = {isa = PBXFileReference; lastKnownFileType = sourcecode.c.h; path = "MatesAccounting-Prefix.pch"; sourceTree = "<group>"; };
		9BCAC03518322997000417FD /* MAAppDelegate.h */ = {isa = PBXFileReference; lastKnownFileType = sourcecode.c.h; path = MAAppDelegate.h; sourceTree = "<group>"; };
		9BCAC03618322997000417FD /* MAAppDelegate.m */ = {isa = PBXFileReference; lastKnownFileType = sourcecode.c.objc; path = MAAppDelegate.m; sourceTree = "<group>"; };
		9BCAC03B18322997000417FD /* Images.xcassets */ = {isa = PBXFileReference; lastKnownFileType = folder.assetcatalog; path = Images.xcassets; sourceTree = "<group>"; };
		9BCAC04118322997000417FD /* MatesAccountingTests.xctest */ = {isa = PBXFileReference; explicitFileType = wrapper.cfbundle; includeInIndex = 0; path = MatesAccountingTests.xctest; sourceTree = BUILT_PRODUCTS_DIR; };
		9BCAC04218322997000417FD /* XCTest.framework */ = {isa = PBXFileReference; lastKnownFileType = wrapper.framework; name = XCTest.framework; path = Library/Frameworks/XCTest.framework; sourceTree = DEVELOPER_DIR; };
		9BCAC04B18322997000417FD /* MatesAccountingTests-Info.plist */ = {isa = PBXFileReference; lastKnownFileType = text.plist.xml; path = "MatesAccountingTests-Info.plist"; sourceTree = "<group>"; };
		9BCAC04D18322997000417FD /* en */ = {isa = PBXFileReference; lastKnownFileType = text.plist.strings; name = en; path = en.lproj/InfoPlist.strings; sourceTree = "<group>"; };
		9BCAC04F18322997000417FD /* MatesAccountingTests.m */ = {isa = PBXFileReference; lastKnownFileType = sourcecode.c.objc; path = MatesAccountingTests.m; sourceTree = "<group>"; };
		9BCAC07818327097000417FD /* MAInit.storyboard */ = {isa = PBXFileReference; fileEncoding = 4; lastKnownFileType = file.storyboard; name = MAInit.storyboard; path = MAUserInterfaces/MAInit.storyboard; sourceTree = "<group>"; };
		9BD0E7851845E87600BA9F2E /* MATabAccountListCell.h */ = {isa = PBXFileReference; fileEncoding = 4; lastKnownFileType = sourcecode.c.h; name = MATabAccountListCell.h; path = MATabAccountCells/MATabAccountListCell.h; sourceTree = "<group>"; };
		9BD0E7861845E87600BA9F2E /* MATabAccountListCell.m */ = {isa = PBXFileReference; fileEncoding = 4; lastKnownFileType = sourcecode.c.objc; name = MATabAccountListCell.m; path = MATabAccountCells/MATabAccountListCell.m; sourceTree = "<group>"; };
		9BD0E78B1845F82900BA9F2E /* UIView+MAAddition.h */ = {isa = PBXFileReference; fileEncoding = 4; lastKnownFileType = sourcecode.c.h; name = "UIView+MAAddition.h"; path = "MAAdditions/UIView+MAAddition.h"; sourceTree = "<group>"; };
		9BD0E78C1845F82900BA9F2E /* UIView+MAAddition.m */ = {isa = PBXFileReference; fileEncoding = 4; lastKnownFileType = sourcecode.c.objc; name = "UIView+MAAddition.m"; path = "MAAdditions/UIView+MAAddition.m"; sourceTree = "<group>"; };
		9BD0E78F1845F9F100BA9F2E /* MAGroupManager.h */ = {isa = PBXFileReference; fileEncoding = 4; lastKnownFileType = sourcecode.c.h; name = MAGroupManager.h; path = MAManagers/MAGroupManager.h; sourceTree = "<group>"; };
		9BD0E7901845F9F100BA9F2E /* MAGroupManager.m */ = {isa = PBXFileReference; fileEncoding = 4; lastKnownFileType = sourcecode.c.objc; name = MAGroupManager.m; path = MAManagers/MAGroupManager.m; sourceTree = "<group>"; };
		9BD0E79E18465AB500BA9F2E /* MATabAccountGroupInfoCell.h */ = {isa = PBXFileReference; fileEncoding = 4; lastKnownFileType = sourcecode.c.h; name = MATabAccountGroupInfoCell.h; path = MATabAccountCells/MATabAccountGroupInfoCell.h; sourceTree = "<group>"; };
		9BD0E79F18465AB500BA9F2E /* MATabAccountGroupInfoCell.m */ = {isa = PBXFileReference; fileEncoding = 4; lastKnownFileType = sourcecode.c.objc; name = MATabAccountGroupInfoCell.m; path = MATabAccountCells/MATabAccountGroupInfoCell.m; sourceTree = "<group>"; };
		9BD0E7A4184796FF00BA9F2E /* MATabAccountListSectionHeader.h */ = {isa = PBXFileReference; fileEncoding = 4; lastKnownFileType = sourcecode.c.h; name = MATabAccountListSectionHeader.h; path = MATabAccountViews/MATabAccountListSectionHeader.h; sourceTree = "<group>"; };
		9BD0E7A5184796FF00BA9F2E /* MATabAccountListSectionHeader.m */ = {isa = PBXFileReference; fileEncoding = 4; lastKnownFileType = sourcecode.c.objc; name = MATabAccountListSectionHeader.m; path = MATabAccountViews/MATabAccountListSectionHeader.m; sourceTree = "<group>"; };
		9BD0E7A818479E0800BA9F2E /* MAGroupListViewController.h */ = {isa = PBXFileReference; fileEncoding = 4; lastKnownFileType = sourcecode.c.h; name = MAGroupListViewController.h; path = MAUserInterfaces/MAGroup/MAGroupListViewController.h; sourceTree = "<group>"; };
		9BD0E7A918479E0800BA9F2E /* MAGroupListViewController.m */ = {isa = PBXFileReference; fileEncoding = 4; lastKnownFileType = sourcecode.c.objc; name = MAGroupListViewController.m; path = MAUserInterfaces/MAGroup/MAGroupListViewController.m; sourceTree = "<group>"; };
		9BD0E7AC1847A93800BA9F2E /* MAGroupListCell.h */ = {isa = PBXFileReference; fileEncoding = 4; lastKnownFileType = sourcecode.c.h; name = MAGroupListCell.h; path = MAUserInterfaces/MAGroup/MAGroupCells/MAGroupListCell.h; sourceTree = "<group>"; };
		9BD0E7AD1847A93800BA9F2E /* MAGroupListCell.m */ = {isa = PBXFileReference; fileEncoding = 4; lastKnownFileType = sourcecode.c.objc; name = MAGroupListCell.m; path = MAUserInterfaces/MAGroup/MAGroupCells/MAGroupListCell.m; sourceTree = "<group>"; };
		9BD0E7AF1847AC9F00BA9F2E /* NSObject+MAAddition.h */ = {isa = PBXFileReference; fileEncoding = 4; lastKnownFileType = sourcecode.c.h; name = "NSObject+MAAddition.h"; path = "MAAdditions/NSObject+MAAddition.h"; sourceTree = "<group>"; };
		9BD0E7B01847AC9F00BA9F2E /* NSObject+MAAddition.m */ = {isa = PBXFileReference; fileEncoding = 4; lastKnownFileType = sourcecode.c.objc; name = "NSObject+MAAddition.m"; path = "MAAdditions/NSObject+MAAddition.m"; sourceTree = "<group>"; };
		9BD0E7B21847ADB100BA9F2E /* MAAccountManager.h */ = {isa = PBXFileReference; fileEncoding = 4; lastKnownFileType = sourcecode.c.h; name = MAAccountManager.h; path = MAManagers/MAAccountManager.h; sourceTree = "<group>"; };
		9BD0E7B31847ADB100BA9F2E /* MAAccountManager.m */ = {isa = PBXFileReference; fileEncoding = 4; lastKnownFileType = sourcecode.c.objc; name = MAAccountManager.m; path = MAManagers/MAAccountManager.m; sourceTree = "<group>"; };
		9BE1DBB318B9F022000BE969 /* MBProgressHUD+MAAddition.h */ = {isa = PBXFileReference; fileEncoding = 4; lastKnownFileType = sourcecode.c.h; name = "MBProgressHUD+MAAddition.h"; path = "MAAdditions/MBProgressHUD+MAAddition.h"; sourceTree = "<group>"; };
		9BE1DBB418B9F022000BE969 /* MBProgressHUD+MAAddition.m */ = {isa = PBXFileReference; fileEncoding = 4; lastKnownFileType = sourcecode.c.objc; name = "MBProgressHUD+MAAddition.m"; path = "MAAdditions/MBProgressHUD+MAAddition.m"; sourceTree = "<group>"; };
		C9402DAC03179E1880F3679F /* Pods-MatesAccountingTests.release.xcconfig */ = {isa = PBXFileReference; includeInIndex = 1; lastKnownFileType = text.xcconfig; name = "Pods-MatesAccountingTests.release.xcconfig"; path = "Pods/Target Support Files/Pods-MatesAccountingTests/Pods-MatesAccountingTests.release.xcconfig"; sourceTree = "<group>"; };
		CE2DBCA6235A4E1685E06D85 /* Pods-MatesAccounting.release.xcconfig */ = {isa = PBXFileReference; includeInIndex = 1; lastKnownFileType = text.xcconfig; name = "Pods-MatesAccounting.release.xcconfig"; path = "Pods/Target Support Files/Pods-MatesAccounting/Pods-MatesAccounting.release.xcconfig"; sourceTree = "<group>"; };
		D8170FB419AB779E000A42CD /* MAColorDefine.h */ = {isa = PBXFileReference; fileEncoding = 4; lastKnownFileType = sourcecode.c.h; name = MAColorDefine.h; path = MAUtilities/MAColorDefine.h; sourceTree = "<group>"; };
		D8170FB719AB90EC000A42CD /* MAFontDefine.h */ = {isa = PBXFileReference; fileEncoding = 4; lastKnownFileType = sourcecode.c.h; name = MAFontDefine.h; path = MAUtilities/MAFontDefine.h; sourceTree = "<group>"; };
		D82541071998FF4F00559835 /* RMemberToGroup.h */ = {isa = PBXFileReference; fileEncoding = 4; lastKnownFileType = sourcecode.c.h; name = RMemberToGroup.h; path = MAModels/coreDataModels/RMemberToGroup.h; sourceTree = "<group>"; };
		D82541081998FF4F00559835 /* RMemberToGroup.m */ = {isa = PBXFileReference; fileEncoding = 4; lastKnownFileType = sourcecode.c.objc; name = RMemberToGroup.m; path = MAModels/coreDataModels/RMemberToGroup.m; sourceTree = "<group>"; };
		D825410A1998FF4F00559835 /* RMemberToAccount.h */ = {isa = PBXFileReference; fileEncoding = 4; lastKnownFileType = sourcecode.c.h; name = RMemberToAccount.h; path = MAModels/coreDataModels/RMemberToAccount.h; sourceTree = "<group>"; };
		D825410B1998FF4F00559835 /* RMemberToAccount.m */ = {isa = PBXFileReference; fileEncoding = 4; lastKnownFileType = sourcecode.c.objc; name = RMemberToAccount.m; path = MAModels/coreDataModels/RMemberToAccount.m; sourceTree = "<group>"; };
		D825410D1998FF4F00559835 /* MAccount.h */ = {isa = PBXFileReference; fileEncoding = 4; lastKnownFileType = sourcecode.c.h; name = MAccount.h; path = MAModels/coreDataModels/MAccount.h; sourceTree = "<group>"; };
		D825410E1998FF4F00559835 /* MAccount.m */ = {isa = PBXFileReference; fileEncoding = 4; lastKnownFileType = sourcecode.c.objc; name = MAccount.m; path = MAModels/coreDataModels/MAccount.m; sourceTree = "<group>"; };
		D82541101998FF4F00559835 /* MFriend.h */ = {isa = PBXFileReference; fileEncoding = 4; lastKnownFileType = sourcecode.c.h; name = MFriend.h; path = MAModels/coreDataModels/MFriend.h; sourceTree = "<group>"; };
		D82541111998FF4F00559835 /* MFriend.m */ = {isa = PBXFileReference; fileEncoding = 4; lastKnownFileType = sourcecode.c.objc; name = MFriend.m; path = MAModels/coreDataModels/MFriend.m; sourceTree = "<group>"; };
		D82541131998FF4F00559835 /* MGroup.h */ = {isa = PBXFileReference; fileEncoding = 4; lastKnownFileType = sourcecode.c.h; name = MGroup.h; path = MAModels/coreDataModels/MGroup.h; sourceTree = "<group>"; };
		D82541141998FF4F00559835 /* MGroup.m */ = {isa = PBXFileReference; fileEncoding = 4; lastKnownFileType = sourcecode.c.objc; name = MGroup.m; path = MAModels/coreDataModels/MGroup.m; sourceTree = "<group>"; };
		D840328419A24DD4002E772C /* MATestDataGenerater.h */ = {isa = PBXFileReference; fileEncoding = 4; lastKnownFileType = sourcecode.c.h; path = MATestDataGenerater.h; sourceTree = "<group>"; };
		D840328519A24DD4002E772C /* MATestDataGenerater.m */ = {isa = PBXFileReference; fileEncoding = 4; lastKnownFileType = sourcecode.c.objc; path = MATestDataGenerater.m; sourceTree = "<group>"; };
		D8530B5C19A4E92000396DFF /* MALocationManager.h */ = {isa = PBXFileReference; fileEncoding = 4; lastKnownFileType = sourcecode.c.h; name = MALocationManager.h; path = MAManagers/MALocationManager.h; sourceTree = "<group>"; };
		D8530B5D19A4E92000396DFF /* MALocationManager.m */ = {isa = PBXFileReference; fileEncoding = 4; lastKnownFileType = sourcecode.c.objc; name = MALocationManager.m; path = MAManagers/MALocationManager.m; sourceTree = "<group>"; };
		D868238719AE2B2C001E3A07 /* NSObject+MAMethodSwizzle.h */ = {isa = PBXFileReference; fileEncoding = 4; lastKnownFileType = sourcecode.c.h; name = "NSObject+MAMethodSwizzle.h"; path = "MAAdditions/NSObject+MAMethodSwizzle.h"; sourceTree = "<group>"; };
		D868238819AE2B2C001E3A07 /* NSObject+MAMethodSwizzle.m */ = {isa = PBXFileReference; fileEncoding = 4; lastKnownFileType = sourcecode.c.objc; name = "NSObject+MAMethodSwizzle.m"; path = "MAAdditions/NSObject+MAMethodSwizzle.m"; sourceTree = "<group>"; };
		D8841FA819D86FED0080A986 /* MAObserverObject.h */ = {isa = PBXFileReference; fileEncoding = 4; lastKnownFileType = sourcecode.c.h; name = MAObserverObject.h; path = MatesAccounting/MAManagers/MAObserverObject.h; sourceTree = SOURCE_ROOT; };
		D8841FA919D86FED0080A986 /* MAObserverObject.m */ = {isa = PBXFileReference; fileEncoding = 4; lastKnownFileType = sourcecode.c.objc; name = MAObserverObject.m; path = MatesAccounting/MAManagers/MAObserverObject.m; sourceTree = SOURCE_ROOT; };
		D88D00F51999239200E929B7 /* NSDecimalNumber+MAAddition.h */ = {isa = PBXFileReference; fileEncoding = 4; lastKnownFileType = sourcecode.c.h; name = "NSDecimalNumber+MAAddition.h"; path = "MAAdditions/NSDecimalNumber+MAAddition.h"; sourceTree = "<group>"; };
		D88D00F61999239200E929B7 /* NSDecimalNumber+MAAddition.m */ = {isa = PBXFileReference; fileEncoding = 4; lastKnownFileType = sourcecode.c.objc; name = "NSDecimalNumber+MAAddition.m"; path = "MAAdditions/NSDecimalNumber+MAAddition.m"; sourceTree = "<group>"; };
		D88E3E611995177400FA5005 /* UIApplication+MAAddition.h */ = {isa = PBXFileReference; fileEncoding = 4; lastKnownFileType = sourcecode.c.h; name = "UIApplication+MAAddition.h"; path = "MAAdditions/UIApplication+MAAddition.h"; sourceTree = "<group>"; };
		D88E3E621995177400FA5005 /* UIApplication+MAAddition.m */ = {isa = PBXFileReference; fileEncoding = 4; lastKnownFileType = sourcecode.c.objc; name = "UIApplication+MAAddition.m"; path = "MAAdditions/UIApplication+MAAddition.m"; sourceTree = "<group>"; };
		D88E3E6419951B9E00FA5005 /* MARootNavigationControllerDelegate.h */ = {isa = PBXFileReference; fileEncoding = 4; lastKnownFileType = sourcecode.c.h; path = MARootNavigationControllerDelegate.h; sourceTree = "<group>"; };
		D88E3E6519951B9E00FA5005 /* MARootNavigationControllerDelegate.m */ = {isa = PBXFileReference; fileEncoding = 4; lastKnownFileType = sourcecode.c.objc; path = MARootNavigationControllerDelegate.m; sourceTree = "<group>"; };
		D88E3E791996745100FA5005 /* RMemberToGroup+expand.h */ = {isa = PBXFileReference; fileEncoding = 4; lastKnownFileType = sourcecode.c.h; name = "RMemberToGroup+expand.h"; path = "MAModels/RMemberToGroup+expand.h"; sourceTree = "<group>"; };
		D88E3E7A1996745100FA5005 /* RMemberToGroup+expand.m */ = {isa = PBXFileReference; fileEncoding = 4; lastKnownFileType = sourcecode.c.objc; name = "RMemberToGroup+expand.m"; path = "MAModels/RMemberToGroup+expand.m"; sourceTree = "<group>"; };
		D88E3EA01996869600FA5005 /* NSString+MAAddition.h */ = {isa = PBXFileReference; fileEncoding = 4; lastKnownFileType = sourcecode.c.h; name = "NSString+MAAddition.h"; path = "MAAdditions/NSString+MAAddition.h"; sourceTree = "<group>"; };
		D88E3EA11996869600FA5005 /* NSString+MAAddition.m */ = {isa = PBXFileReference; fileEncoding = 4; lastKnownFileType = sourcecode.c.objc; name = "NSString+MAAddition.m"; path = "MAAdditions/NSString+MAAddition.m"; sourceTree = "<group>"; };
		D89508F51A014DDB00D45361 /* MATabTableView.h */ = {isa = PBXFileReference; fileEncoding = 4; lastKnownFileType = sourcecode.c.h; path = MATabTableView.h; sourceTree = "<group>"; };
		D89508F61A014DDB00D45361 /* MATabTableView.m */ = {isa = PBXFileReference; fileEncoding = 4; lastKnownFileType = sourcecode.c.objc; path = MATabTableView.m; sourceTree = "<group>"; };
		D897ED0C19CEC72500210CD8 /* MAMemberAccountListSectionHeader.h */ = {isa = PBXFileReference; fileEncoding = 4; lastKnownFileType = sourcecode.c.h; name = MAMemberAccountListSectionHeader.h; path = MATabAccountViews/MAMemberAccountListSectionHeader.h; sourceTree = "<group>"; };
		D897ED0D19CEC72500210CD8 /* MAMemberAccountListSectionHeader.m */ = {isa = PBXFileReference; fileEncoding = 4; lastKnownFileType = sourcecode.c.objc; name = MAMemberAccountListSectionHeader.m; path = MATabAccountViews/MAMemberAccountListSectionHeader.m; sourceTree = "<group>"; };
		D8A64C7219B62F8100ED1E47 /* MACommonPersistent.h */ = {isa = PBXFileReference; fileEncoding = 4; lastKnownFileType = sourcecode.c.h; name = MACommonPersistent.h; path = MADataPersistent/MACommonPersistent.h; sourceTree = "<group>"; };
		D8A64C7319B62F8100ED1E47 /* MACommonPersistent.m */ = {isa = PBXFileReference; fileEncoding = 4; lastKnownFileType = sourcecode.c.objc; name = MACommonPersistent.m; path = MADataPersistent/MACommonPersistent.m; sourceTree = "<group>"; };
		D8B68E2319A63FD500810E64 /* MPlace.h */ = {isa = PBXFileReference; fileEncoding = 4; lastKnownFileType = sourcecode.c.h; name = MPlace.h; path = MAModels/coreDataModels/MPlace.h; sourceTree = "<group>"; };
		D8B68E2419A63FD500810E64 /* MPlace.m */ = {isa = PBXFileReference; fileEncoding = 4; lastKnownFileType = sourcecode.c.objc; name = MPlace.m; path = MAModels/coreDataModels/MPlace.m; sourceTree = "<group>"; };
		D8C3082319CDDF8000943B56 /* MAMemberAccountListCell.h */ = {isa = PBXFileReference; fileEncoding = 4; lastKnownFileType = sourcecode.c.h; name = MAMemberAccountListCell.h; path = MATabAccountCells/MAMemberAccountListCell.h; sourceTree = "<group>"; };
		D8C3082419CDDF8000943B56 /* MAMemberAccountListCell.m */ = {isa = PBXFileReference; fileEncoding = 4; lastKnownFileType = sourcecode.c.objc; name = MAMemberAccountListCell.m; path = MATabAccountCells/MAMemberAccountListCell.m; sourceTree = "<group>"; };
		D8D5E5D119C48A12003D5FFE /* MAAccountDetailDeleteCell.h */ = {isa = PBXFileReference; fileEncoding = 4; lastKnownFileType = sourcecode.c.h; name = MAAccountDetailDeleteCell.h; path = MATabAccountCells/MAAccountDetailDeleteCell.h; sourceTree = "<group>"; };
		D8D5E5D219C48A12003D5FFE /* MAAccountDetailDeleteCell.m */ = {isa = PBXFileReference; fileEncoding = 4; lastKnownFileType = sourcecode.c.objc; name = MAAccountDetailDeleteCell.m; path = MATabAccountCells/MAAccountDetailDeleteCell.m; sourceTree = "<group>"; };
		D8D5E5D419C5F645003D5FFE /* MAMemberAccountListViewController.h */ = {isa = PBXFileReference; fileEncoding = 4; lastKnownFileType = sourcecode.c.h; path = MAMemberAccountListViewController.h; sourceTree = "<group>"; };
		D8D5E5D519C5F645003D5FFE /* MAMemberAccountListViewController.m */ = {isa = PBXFileReference; fileEncoding = 4; lastKnownFileType = sourcecode.c.objc; path = MAMemberAccountListViewController.m; sourceTree = "<group>"; };
		D8E25ABB19927FB9006772B4 /* MAAccountSettlementCell.h */ = {isa = PBXFileReference; fileEncoding = 4; lastKnownFileType = sourcecode.c.h; path = MAAccountSettlementCell.h; sourceTree = "<group>"; };
		D8E25ABC19927FB9006772B4 /* MAAccountSettlementCell.m */ = {isa = PBXFileReference; fileEncoding = 4; lastKnownFileType = sourcecode.c.objc; path = MAAccountSettlementCell.m; sourceTree = "<group>"; };
		D8EC817619A3AE4300AFCD13 /* MGroup+expand.h */ = {isa = PBXFileReference; fileEncoding = 4; lastKnownFileType = sourcecode.c.h; name = "MGroup+expand.h"; path = "MAModels/MGroup+expand.h"; sourceTree = "<group>"; };
		D8EC817719A3AE4300AFCD13 /* MGroup+expand.m */ = {isa = PBXFileReference; fileEncoding = 4; lastKnownFileType = sourcecode.c.objc; name = "MGroup+expand.m"; path = "MAModels/MGroup+expand.m"; sourceTree = "<group>"; };
/* End PBXFileReference section */

/* Begin PBXFrameworksBuildPhase section */
		9BCAC01E18322997000417FD /* Frameworks */ = {
			isa = PBXFrameworksBuildPhase;
			buildActionMask = 2147483647;
			files = (
				9BCAC02718322997000417FD /* CoreGraphics.framework in Frameworks */,
				9BCAC02B18322997000417FD /* CoreData.framework in Frameworks */,
				9BCAC02918322997000417FD /* UIKit.framework in Frameworks */,
				9BCAC02518322997000417FD /* Foundation.framework in Frameworks */,
				116B641519E74F93A42087E8 /* libPods-MatesAccounting.a in Frameworks */,
			);
			runOnlyForDeploymentPostprocessing = 0;
		};
		9BCAC03E18322997000417FD /* Frameworks */ = {
			isa = PBXFrameworksBuildPhase;
			buildActionMask = 2147483647;
			files = (
				9BCAC04318322997000417FD /* XCTest.framework in Frameworks */,
				9BCAC04618322997000417FD /* CoreData.framework in Frameworks */,
				9BCAC04518322997000417FD /* UIKit.framework in Frameworks */,
				9BCAC04418322997000417FD /* Foundation.framework in Frameworks */,
				16D7A7B6C14BF4A6151E4637 /* libPods-MatesAccountingTests.a in Frameworks */,
			);
			runOnlyForDeploymentPostprocessing = 0;
		};
/* End PBXFrameworksBuildPhase section */

/* Begin PBXGroup section */
		09C24E3A067C2C32B4B0D653 /* Pods */ = {
			isa = PBXGroup;
			children = (
				126FE4C7B547E5213B9D238D /* Pods-MatesAccounting.debug.xcconfig */,
				CE2DBCA6235A4E1685E06D85 /* Pods-MatesAccounting.release.xcconfig */,
				0A76ECDA5FA522704B00A22D /* Pods-MatesAccountingTests.debug.xcconfig */,
				C9402DAC03179E1880F3679F /* Pods-MatesAccountingTests.release.xcconfig */,
			);
			name = Pods;
			sourceTree = "<group>";
		};
		9B079B82185D8411003C654B /* MAUserInterfaceBase */ = {
			isa = PBXGroup;
			children = (
				9B079B83185D8411003C654B /* MACellProtocols.h */,
				9B079B84185D8436003C654B /* MABaseCell.h */,
				9B079B85185D8436003C654B /* MABaseCell.m */,
			);
			name = MAUserInterfaceBase;
			path = MAUserInterfaces/MAUserInterfaceBase;
			sourceTree = "<group>";
		};
		9B25AA1018533D1F008D79B7 /* MATabMemberViews */ = {
			isa = PBXGroup;
			children = (
				9B25AA1518533E1E008D79B7 /* MAMemberListSectionHeader.h */,
				9B25AA1618533E1E008D79B7 /* MAMemberListSectionHeader.m */,
			);
			name = MATabMemberViews;
			sourceTree = "<group>";
		};
		9B25AA1118533D32008D79B7 /* MATabMemberCells */ = {
			isa = PBXGroup;
			children = (
				9B079B70185A0B26003C654B /* MATabMemberListCell.h */,
				9B079B71185A0B26003C654B /* MATabMemberListCell.m */,
				9B25AA1218533DBC008D79B7 /* MAMemberListCell.h */,
				9B25AA1318533DBC008D79B7 /* MAMemberListCell.m */,
				9B25AA1A1853472C008D79B7 /* MAMemberListSectionEmptyCell.h */,
				9B25AA1B1853472C008D79B7 /* MAMemberListSectionEmptyCell.m */,
				9B88939418545A60003A9DCB /* MAMemberDetailCommonCell.h */,
				9B88939518545A60003A9DCB /* MAMemberDetailCommonCell.m */,
				9B8893971854AA43003A9DCB /* MAMemberDetailBirthdayCell.h */,
				9B8893981854AA43003A9DCB /* MAMemberDetailBirthdayCell.m */,
				9B88939A1854ABF7003A9DCB /* MAMemberDetailGenderCell.h */,
				9B88939B1854ABF7003A9DCB /* MAMemberDetailGenderCell.m */,
				9B079B7F185C8BE5003C654B /* MAFriendListCell.h */,
				9B079B80185C8BE5003C654B /* MAFriendListCell.m */,
			);
			name = MATabMemberCells;
			sourceTree = "<group>";
		};
		9B391C6B183527CE0025A2FB /* MARootController */ = {
			isa = PBXGroup;
			children = (
				D88E3E6419951B9E00FA5005 /* MARootNavigationControllerDelegate.h */,
				D88E3E6519951B9E00FA5005 /* MARootNavigationControllerDelegate.m */,
				9B391C6C183527CE0025A2FB /* MARootNavigationController.h */,
				9B391C6D183527CE0025A2FB /* MARootNavigationController.m */,
				9B391C6E183527CE0025A2FB /* MARootTabBarController.h */,
				9B391C6F183527CE0025A2FB /* MARootTabBarController.m */,
			);
			name = MARootController;
			path = MAUserInterfaces/MARootController;
			sourceTree = "<group>";
		};
		9B391C70183527CE0025A2FB /* MATabAccount */ = {
			isa = PBXGroup;
			children = (
				9BD0E7841845E79C00BA9F2E /* MATabAccountCells */,
				9BD0E7981846401A00BA9F2E /* MATabAccountViews */,
				9B391C71183527CE0025A2FB /* MATabAccountViewController.h */,
				9B391C72183527CE0025A2FB /* MATabAccountViewController.m */,
				9BC23102184B1F11005ADD59 /* MAAccountDetailViewController.h */,
				9BC23103184B1F11005ADD59 /* MAAccountDetailViewController.m */,
				D8D5E5D419C5F645003D5FFE /* MAMemberAccountListViewController.h */,
				D8D5E5D519C5F645003D5FFE /* MAMemberAccountListViewController.m */,
			);
			name = MATabAccount;
			path = MAUserInterfaces/MATabAccount;
			sourceTree = "<group>";
		};
		9B391C73183527CE0025A2FB /* MATabMember */ = {
			isa = PBXGroup;
			children = (
				9B25AA1118533D32008D79B7 /* MATabMemberCells */,
				9B25AA1018533D1F008D79B7 /* MATabMemberViews */,
				9B391C74183527CE0025A2FB /* MATabMemberViewController.h */,
				9B391C75183527CE0025A2FB /* MATabMemberViewController.m */,
				9B25AA0D18532E41008D79B7 /* MAMemberListViewController.h */,
				9B25AA0E18532E41008D79B7 /* MAMemberListViewController.m */,
				9B079B7C185C8B17003C654B /* MAFriendListViewController.h */,
				9B079B7D185C8B17003C654B /* MAFriendListViewController.m */,
				9B889391185446B4003A9DCB /* MAMemberDetailViewController.h */,
				9B889392185446B4003A9DCB /* MAMemberDetailViewController.m */,
			);
			name = MATabMember;
			path = MAUserInterfaces/MATabMember;
			sourceTree = "<group>";
		};
		9B391C76183527CE0025A2FB /* MATabMore */ = {
			isa = PBXGroup;
			children = (
				9B391C77183527CE0025A2FB /* MATabMoreViewController.h */,
				9B391C78183527CE0025A2FB /* MATabMoreViewController.m */,
			);
			name = MATabMore;
			path = MAUserInterfaces/MATabMore;
			sourceTree = "<group>";
		};
		9B391C79183527CE0025A2FB /* MATabPayment */ = {
			isa = PBXGroup;
			children = (
				D8E25ABA19927F77006772B4 /* MATabPaymentCells */,
				9B391C7A183527CE0025A2FB /* MATabPaymentViewController.h */,
				9B391C7B183527CE0025A2FB /* MATabPaymentViewController.m */,
			);
			name = MATabPayment;
			path = MAUserInterfaces/MATabPayment;
			sourceTree = "<group>";
		};
		9B391C8218352C0A0025A2FB /* MARootContextManager */ = {
			isa = PBXGroup;
			children = (
				9B391C9C1835F0D40025A2FB /* MAContextAPI.h */,
				9B391C9D1835F0D40025A2FB /* MAContextAPI.m */,
				9B391C8318352C670025A2FB /* MARootContextManager.h */,
				9B391C8418352C670025A2FB /* MARootContextManager.m */,
			);
			name = MARootContextManager;
			sourceTree = "<group>";
		};
		9B391C8618352ED80025A2FB /* MAUtilities */ = {
			isa = PBXGroup;
			children = (
				D8170FB419AB779E000A42CD /* MAColorDefine.h */,
				D8170FB719AB90EC000A42CD /* MAFontDefine.h */,
				9B391C8718352F580025A2FB /* MAUtilityTools.h */,
				9B391C8818352F580025A2FB /* MAUtilityTools.m */,
				9B2085BB1853760C009C03BD /* MAAlertView.h */,
				9B2085BC1853760C009C03BD /* MAAlertView.m */,
			);
			name = MAUtilities;
			sourceTree = "<group>";
		};
		9B605F0B183523F300890C4F /* MAModels */ = {
			isa = PBXGroup;
			children = (
				9B391C68183525940025A2FB /* MatesAccounting.xcdatamodeld */,
				9BB074CA183B7C950023B728 /* MAccount+expand.h */,
				9BB074CB183B7C950023B728 /* MAccount+expand.m */,
				D88E3E791996745100FA5005 /* RMemberToGroup+expand.h */,
				D88E3E7A1996745100FA5005 /* RMemberToGroup+expand.m */,
				D8EC817619A3AE4300AFCD13 /* MGroup+expand.h */,
				D8EC817719A3AE4300AFCD13 /* MGroup+expand.m */,
				9BB074B7183B7C0A0023B728 /* coreDataModels */,
			);
			name = MAModels;
			sourceTree = "<group>";
		};
		9BB074B7183B7C0A0023B728 /* coreDataModels */ = {
			isa = PBXGroup;
			children = (
				D82541131998FF4F00559835 /* MGroup.h */,
				D82541141998FF4F00559835 /* MGroup.m */,
				D825410D1998FF4F00559835 /* MAccount.h */,
				D825410E1998FF4F00559835 /* MAccount.m */,
				D82541101998FF4F00559835 /* MFriend.h */,
				D82541111998FF4F00559835 /* MFriend.m */,
				D82541071998FF4F00559835 /* RMemberToGroup.h */,
				D82541081998FF4F00559835 /* RMemberToGroup.m */,
				D825410A1998FF4F00559835 /* RMemberToAccount.h */,
				D825410B1998FF4F00559835 /* RMemberToAccount.m */,
				D8B68E2319A63FD500810E64 /* MPlace.h */,
				D8B68E2419A63FD500810E64 /* MPlace.m */,
			);
			name = coreDataModels;
			sourceTree = "<group>";
		};
		9BCAC01818322997000417FD = {
			isa = PBXGroup;
			children = (
				9BCAC02C18322997000417FD /* MatesAccounting */,
				9BCAC04918322997000417FD /* MatesAccountingTests */,
				9BCAC02318322997000417FD /* Frameworks */,
				9BCAC02218322997000417FD /* Products */,
				09C24E3A067C2C32B4B0D653 /* Pods */,
			);
			sourceTree = "<group>";
		};
		9BCAC02218322997000417FD /* Products */ = {
			isa = PBXGroup;
			children = (
				9BCAC02118322997000417FD /* MatesAccounting.app */,
				9BCAC04118322997000417FD /* MatesAccountingTests.xctest */,
			);
			name = Products;
			sourceTree = "<group>";
		};
		9BCAC02318322997000417FD /* Frameworks */ = {
			isa = PBXGroup;
			children = (
				9BCAC02418322997000417FD /* Foundation.framework */,
				9BCAC02618322997000417FD /* CoreGraphics.framework */,
				9BCAC02818322997000417FD /* UIKit.framework */,
				9BCAC02A18322997000417FD /* CoreData.framework */,
				9BCAC04218322997000417FD /* XCTest.framework */,
				83474B4A132942CA88A28906 /* libPods-MatesAccounting.a */,
				0ACE5712B21665C2A720478F /* libPods-MatesAccountingTests.a */,
			);
			name = Frameworks;
			sourceTree = "<group>";
		};
		9BCAC02C18322997000417FD /* MatesAccounting */ = {
			isa = PBXGroup;
			children = (
				9B391C9F1835FA370025A2FB /* MAGlobalDefinitions.h */,
				9B391CA01835FA370025A2FB /* MAGlobalDefinitions.m */,
				9BCAC03518322997000417FD /* MAAppDelegate.h */,
				9BCAC03618322997000417FD /* MAAppDelegate.m */,
				9BCAC06118326E52000417FD /* MAUserInterfaces */,
				9BD0E78E1845F94900BA9F2E /* MAManagers */,
				9B605F0B183523F300890C4F /* MAModels */,
				9BCAC059183262BC000417FD /* MADataPersistent */,
				9BD0E78A1845F79A00BA9F2E /* MAAdditions */,
				9B391C8618352ED80025A2FB /* MAUtilities */,
				9BCAC02D18322997000417FD /* Supporting Files */,
				9BCAC03B18322997000417FD /* Images.xcassets */,
			);
			path = MatesAccounting;
			sourceTree = "<group>";
		};
		9BCAC02D18322997000417FD /* Supporting Files */ = {
			isa = PBXGroup;
			children = (
				9BCAC02E18322997000417FD /* MatesAccounting-Info.plist */,
				9BCAC02F18322997000417FD /* InfoPlist.strings */,
				9BCAC03218322997000417FD /* main.mm */,
				9BCAC03418322997000417FD /* MatesAccounting-Prefix.pch */,
			);
			name = "Supporting Files";
			sourceTree = "<group>";
		};
		9BCAC04918322997000417FD /* MatesAccountingTests */ = {
			isa = PBXGroup;
			children = (
				9BCAC04F18322997000417FD /* MatesAccountingTests.m */,
				D840328419A24DD4002E772C /* MATestDataGenerater.h */,
				D840328519A24DD4002E772C /* MATestDataGenerater.m */,
				9BCAC04A18322997000417FD /* Supporting Files */,
			);
			path = MatesAccountingTests;
			sourceTree = "<group>";
		};
		9BCAC04A18322997000417FD /* Supporting Files */ = {
			isa = PBXGroup;
			children = (
				9BCAC04B18322997000417FD /* MatesAccountingTests-Info.plist */,
				9BCAC04C18322997000417FD /* InfoPlist.strings */,
			);
			name = "Supporting Files";
			sourceTree = "<group>";
		};
		9BCAC059183262BC000417FD /* MADataPersistent */ = {
			isa = PBXGroup;
			children = (
				D8A64C7219B62F8100ED1E47 /* MACommonPersistent.h */,
				D8A64C7319B62F8100ED1E47 /* MACommonPersistent.m */,
				9B391C8218352C0A0025A2FB /* MARootContextManager */,
			);
			name = MADataPersistent;
			sourceTree = "<group>";
		};
		9BCAC06118326E52000417FD /* MAUserInterfaces */ = {
			isa = PBXGroup;
			children = (
				9BCAC07818327097000417FD /* MAInit.storyboard */,
				9B079B82185D8411003C654B /* MAUserInterfaceBase */,
				9B391C6B183527CE0025A2FB /* MARootController */,
				9BD0E7A718479D5200BA9F2E /* MAGroup */,
				9B391C70183527CE0025A2FB /* MATabAccount */,
				9B391C73183527CE0025A2FB /* MATabMember */,
				9B391C79183527CE0025A2FB /* MATabPayment */,
				9B391C76183527CE0025A2FB /* MATabMore */,
				D89508F41A014DA000D45361 /* MACommonViews */,
			);
			name = MAUserInterfaces;
			sourceTree = "<group>";
		};
		9BD0E7841845E79C00BA9F2E /* MATabAccountCells */ = {
			isa = PBXGroup;
			children = (
				9BD0E7851845E87600BA9F2E /* MATabAccountListCell.h */,
				9BD0E7861845E87600BA9F2E /* MATabAccountListCell.m */,
				D8C3082319CDDF8000943B56 /* MAMemberAccountListCell.h */,
				D8C3082419CDDF8000943B56 /* MAMemberAccountListCell.m */,
				9BD0E79E18465AB500BA9F2E /* MATabAccountGroupInfoCell.h */,
				9BD0E79F18465AB500BA9F2E /* MATabAccountGroupInfoCell.m */,
				9BC23105184B274F005ADD59 /* MAAccountDetailFeeCell.h */,
				9BC23106184B274F005ADD59 /* MAAccountDetailFeeCell.m */,
				9BC23108184B2776005ADD59 /* MAAccountDetailDateCell.h */,
				9BC23109184B2776005ADD59 /* MAAccountDetailDateCell.m */,
				9BC2310B184B2799005ADD59 /* MAAccountDetailPayersCell.h */,
				9BC2310C184B2799005ADD59 /* MAAccountDetailPayersCell.m */,
				9BC2310E184B27BA005ADD59 /* MAAccountDetailConsumersCell.h */,
				9BC2310F184B27BA005ADD59 /* MAAccountDetailConsumersCell.m */,
				9BC23111184B27DE005ADD59 /* MAAccountDetailLocationCell.h */,
				9BC23112184B27DE005ADD59 /* MAAccountDetailLocationCell.m */,
				9BC23114184B27FD005ADD59 /* MAAccountDetailConsumerDetailCell.h */,
				9BC23115184B27FD005ADD59 /* MAAccountDetailConsumerDetailCell.m */,
				9BC23117184B281D005ADD59 /* MAAccountDetailDescriptionCell.h */,
				9BC23118184B281D005ADD59 /* MAAccountDetailDescriptionCell.m */,
				D8D5E5D119C48A12003D5FFE /* MAAccountDetailDeleteCell.h */,
				D8D5E5D219C48A12003D5FFE /* MAAccountDetailDeleteCell.m */,
			);
			name = MATabAccountCells;
			sourceTree = "<group>";
		};
		9BD0E78A1845F79A00BA9F2E /* MAAdditions */ = {
			isa = PBXGroup;
			children = (
				9BD0E78B1845F82900BA9F2E /* UIView+MAAddition.h */,
				9BD0E78C1845F82900BA9F2E /* UIView+MAAddition.m */,
				9BD0E7AF1847AC9F00BA9F2E /* NSObject+MAAddition.h */,
				9BD0E7B01847AC9F00BA9F2E /* NSObject+MAAddition.m */,
				9B25AA1D185350FE008D79B7 /* UIColor+MAAddition.h */,
				9B25AA1E185350FE008D79B7 /* UIColor+MAAddition.m */,
				9B88939D1854C7F8003A9DCB /* NSDate+MAAddition.h */,
				9B88939E1854C7F8003A9DCB /* NSDate+MAAddition.m */,
				9BE1DBB318B9F022000BE969 /* MBProgressHUD+MAAddition.h */,
				9BE1DBB418B9F022000BE969 /* MBProgressHUD+MAAddition.m */,
				9B726B0218BF862500ACDD99 /* UIViewController+MAAddition.h */,
				9B726B0318BF862500ACDD99 /* UIViewController+MAAddition.m */,
				D88E3E611995177400FA5005 /* UIApplication+MAAddition.h */,
				D88E3E621995177400FA5005 /* UIApplication+MAAddition.m */,
				D88E3EA01996869600FA5005 /* NSString+MAAddition.h */,
				D88E3EA11996869600FA5005 /* NSString+MAAddition.m */,
				D88D00F51999239200E929B7 /* NSDecimalNumber+MAAddition.h */,
				D88D00F61999239200E929B7 /* NSDecimalNumber+MAAddition.m */,
				D868238719AE2B2C001E3A07 /* NSObject+MAMethodSwizzle.h */,
				D868238819AE2B2C001E3A07 /* NSObject+MAMethodSwizzle.m */,
			);
			name = MAAdditions;
			sourceTree = "<group>";
		};
		9BD0E78E1845F94900BA9F2E /* MAManagers */ = {
			isa = PBXGroup;
			children = (
				9BB88C831865679500C16895 /* MAManagerPublicDefinitions.h */,
				9BB88C841865679500C16895 /* MAManagerPublicDefinitions.m */,
				D8841FA819D86FED0080A986 /* MAObserverObject.h */,
				D8841FA919D86FED0080A986 /* MAObserverObject.m */,
				9BD0E78F1845F9F100BA9F2E /* MAGroupManager.h */,
				9BD0E7901845F9F100BA9F2E /* MAGroupManager.m */,
				9BD0E7B21847ADB100BA9F2E /* MAAccountManager.h */,
				9BD0E7B31847ADB100BA9F2E /* MAAccountManager.m */,
				9B079B73185A0E03003C654B /* MAFriendManager.h */,
				9B079B74185A0E03003C654B /* MAFriendManager.m */,
				D8530B5C19A4E92000396DFF /* MALocationManager.h */,
				D8530B5D19A4E92000396DFF /* MALocationManager.m */,
			);
			name = MAManagers;
			sourceTree = "<group>";
		};
		9BD0E7981846401A00BA9F2E /* MATabAccountViews */ = {
			isa = PBXGroup;
			children = (
				9BD0E7A4184796FF00BA9F2E /* MATabAccountListSectionHeader.h */,
				9BD0E7A5184796FF00BA9F2E /* MATabAccountListSectionHeader.m */,
				D897ED0C19CEC72500210CD8 /* MAMemberAccountListSectionHeader.h */,
				D897ED0D19CEC72500210CD8 /* MAMemberAccountListSectionHeader.m */,
				9BC2311A184B2EC1005ADD59 /* MAAccountDetailSectionHeader.h */,
				9BC2311B184B2EC1005ADD59 /* MAAccountDetailSectionHeader.m */,
			);
			name = MATabAccountViews;
			sourceTree = "<group>";
		};
		9BD0E7A718479D5200BA9F2E /* MAGroup */ = {
			isa = PBXGroup;
			children = (
				9BD0E7AB1847A90200BA9F2E /* MAGroupCells */,
				9BD0E7A818479E0800BA9F2E /* MAGroupListViewController.h */,
				9BD0E7A918479E0800BA9F2E /* MAGroupListViewController.m */,
				9BC230F91849FFA6005ADD59 /* MAGroupDetailViewController.h */,
				9BC230FA1849FFA6005ADD59 /* MAGroupDetailViewController.m */,
			);
			name = MAGroup;
			sourceTree = "<group>";
		};
		9BD0E7AB1847A90200BA9F2E /* MAGroupCells */ = {
			isa = PBXGroup;
			children = (
				9BD0E7AC1847A93800BA9F2E /* MAGroupListCell.h */,
				9BD0E7AD1847A93800BA9F2E /* MAGroupListCell.m */,
			);
			name = MAGroupCells;
			sourceTree = "<group>";
		};
		D89508F41A014DA000D45361 /* MACommonViews */ = {
			isa = PBXGroup;
			children = (
				D89508F51A014DDB00D45361 /* MATabTableView.h */,
				D89508F61A014DDB00D45361 /* MATabTableView.m */,
			);
			name = MACommonViews;
			path = MAUserInterfaces/MACommonViews;
			sourceTree = "<group>";
		};
		D8E25ABA19927F77006772B4 /* MATabPaymentCells */ = {
			isa = PBXGroup;
			children = (
				D8E25ABB19927FB9006772B4 /* MAAccountSettlementCell.h */,
				D8E25ABC19927FB9006772B4 /* MAAccountSettlementCell.m */,
			);
			path = MATabPaymentCells;
			sourceTree = "<group>";
		};
/* End PBXGroup section */

/* Begin PBXNativeTarget section */
		9BCAC02018322997000417FD /* MatesAccounting */ = {
			isa = PBXNativeTarget;
			buildConfigurationList = 9BCAC05318322997000417FD /* Build configuration list for PBXNativeTarget "MatesAccounting" */;
			buildPhases = (
				EAD424FBA7A84CFDB97CB8BB /* Check Pods Manifest.lock */,
				9BCAC01D18322997000417FD /* Sources */,
				9BCAC01E18322997000417FD /* Frameworks */,
				9BCAC01F18322997000417FD /* Resources */,
				8FFF3602C8194670ABDD387F /* Copy Pods Resources */,
			);
			buildRules = (
			);
			dependencies = (
			);
			name = MatesAccounting;
			productName = MatesAccounting;
			productReference = 9BCAC02118322997000417FD /* MatesAccounting.app */;
			productType = "com.apple.product-type.application";
		};
		9BCAC04018322997000417FD /* MatesAccountingTests */ = {
			isa = PBXNativeTarget;
			buildConfigurationList = 9BCAC05618322997000417FD /* Build configuration list for PBXNativeTarget "MatesAccountingTests" */;
			buildPhases = (
				20FAEFC3716E7F1C500C1FFD /* Check Pods Manifest.lock */,
				9BCAC03D18322997000417FD /* Sources */,
				9BCAC03E18322997000417FD /* Frameworks */,
				9BCAC03F18322997000417FD /* Resources */,
				38E846A66FDA80C7B83BBD17 /* Copy Pods Resources */,
			);
			buildRules = (
			);
			dependencies = (
				9BCAC04818322997000417FD /* PBXTargetDependency */,
				D841B55F19D5BC1C0072BE51 /* PBXTargetDependency */,
				D841B56119D5BC1C0072BE51 /* PBXTargetDependency */,
			);
			name = MatesAccountingTests;
			productName = MatesAccountingTests;
			productReference = 9BCAC04118322997000417FD /* MatesAccountingTests.xctest */;
			productType = "com.apple.product-type.bundle.unit-test";
		};
/* End PBXNativeTarget section */

/* Begin PBXProject section */
		9BCAC01918322997000417FD /* Project object */ = {
			isa = PBXProject;
			attributes = {
				CLASSPREFIX = MA;
				LastUpgradeCheck = 0510;
				ORGANIZATIONNAME = Lee;
				TargetAttributes = {
					9BCAC04018322997000417FD = {
						TestTargetID = 9BCAC02018322997000417FD;
					};
				};
			};
			buildConfigurationList = 9BCAC01C18322997000417FD /* Build configuration list for PBXProject "MatesAccounting" */;
			compatibilityVersion = "Xcode 3.2";
			developmentRegion = English;
			hasScannedForEncodings = 0;
			knownRegions = (
				en,
			);
			mainGroup = 9BCAC01818322997000417FD;
			productRefGroup = 9BCAC02218322997000417FD /* Products */;
			projectDirPath = "";
			projectRoot = "";
			targets = (
				9BCAC02018322997000417FD /* MatesAccounting */,
				9BCAC04018322997000417FD /* MatesAccountingTests */,
			);
		};
/* End PBXProject section */

/* Begin PBXResourcesBuildPhase section */
		9BCAC01F18322997000417FD /* Resources */ = {
			isa = PBXResourcesBuildPhase;
			buildActionMask = 2147483647;
			files = (
				9BCAC07918327097000417FD /* MAInit.storyboard in Resources */,
				9BCAC03118322997000417FD /* InfoPlist.strings in Resources */,
				9BCAC03C18322997000417FD /* Images.xcassets in Resources */,
			);
			runOnlyForDeploymentPostprocessing = 0;
		};
		9BCAC03F18322997000417FD /* Resources */ = {
			isa = PBXResourcesBuildPhase;
			buildActionMask = 2147483647;
			files = (
				9BCAC04E18322997000417FD /* InfoPlist.strings in Resources */,
			);
			runOnlyForDeploymentPostprocessing = 0;
		};
/* End PBXResourcesBuildPhase section */

/* Begin PBXShellScriptBuildPhase section */
		20FAEFC3716E7F1C500C1FFD /* Check Pods Manifest.lock */ = {
			isa = PBXShellScriptBuildPhase;
			buildActionMask = 2147483647;
			files = (
			);
			inputPaths = (
			);
			name = "Check Pods Manifest.lock";
			outputPaths = (
			);
			runOnlyForDeploymentPostprocessing = 0;
			shellPath = /bin/sh;
			shellScript = "diff \"${PODS_ROOT}/../Podfile.lock\" \"${PODS_ROOT}/Manifest.lock\" > /dev/null\nif [[ $? != 0 ]] ; then\n    cat << EOM\nerror: The sandbox is not in sync with the Podfile.lock. Run 'pod install' or update your CocoaPods installation.\nEOM\n    exit 1\nfi\n";
			showEnvVarsInLog = 0;
		};
		38E846A66FDA80C7B83BBD17 /* Copy Pods Resources */ = {
			isa = PBXShellScriptBuildPhase;
			buildActionMask = 2147483647;
			files = (
			);
			inputPaths = (
			);
			name = "Copy Pods Resources";
			outputPaths = (
			);
			runOnlyForDeploymentPostprocessing = 0;
			shellPath = /bin/sh;
			shellScript = "\"${SRCROOT}/Pods/Target Support Files/Pods-MatesAccountingTests/Pods-MatesAccountingTests-resources.sh\"\n";
			showEnvVarsInLog = 0;
		};
		8FFF3602C8194670ABDD387F /* Copy Pods Resources */ = {
			isa = PBXShellScriptBuildPhase;
			buildActionMask = 2147483647;
			files = (
			);
			inputPaths = (
			);
			name = "Copy Pods Resources";
			outputPaths = (
			);
			runOnlyForDeploymentPostprocessing = 0;
			shellPath = /bin/sh;
			shellScript = "\"${SRCROOT}/Pods/Target Support Files/Pods-MatesAccounting/Pods-MatesAccounting-resources.sh\"\n";
			showEnvVarsInLog = 0;
		};
		EAD424FBA7A84CFDB97CB8BB /* Check Pods Manifest.lock */ = {
			isa = PBXShellScriptBuildPhase;
			buildActionMask = 2147483647;
			files = (
			);
			inputPaths = (
			);
			name = "Check Pods Manifest.lock";
			outputPaths = (
			);
			runOnlyForDeploymentPostprocessing = 0;
			shellPath = /bin/sh;
			shellScript = "diff \"${PODS_ROOT}/../Podfile.lock\" \"${PODS_ROOT}/Manifest.lock\" > /dev/null\nif [[ $? != 0 ]] ; then\n    cat << EOM\nerror: The sandbox is not in sync with the Podfile.lock. Run 'pod install' or update your CocoaPods installation.\nEOM\n    exit 1\nfi\n";
			showEnvVarsInLog = 0;
		};
/* End PBXShellScriptBuildPhase section */

/* Begin PBXSourcesBuildPhase section */
		9BCAC01D18322997000417FD /* Sources */ = {
			isa = PBXSourcesBuildPhase;
			buildActionMask = 2147483647;
			files = (
				9B25AA1718533E1E008D79B7 /* MAMemberListSectionHeader.m in Sources */,
				D8C3082519CDDF8000943B56 /* MAMemberAccountListCell.m in Sources */,
				9BE1DBB518B9F022000BE969 /* MBProgressHUD+MAAddition.m in Sources */,
				9B391CA11835FA370025A2FB /* MAGlobalDefinitions.m in Sources */,
				9BB074CC183B7C950023B728 /* MAccount+expand.m in Sources */,
				9B88939C1854ABF7003A9DCB /* MAMemberDetailGenderCell.m in Sources */,
				9B391C7F183527CE0025A2FB /* MATabMemberViewController.m in Sources */,
				D82541091998FF4F00559835 /* RMemberToGroup.m in Sources */,
				9B079B7E185C8B17003C654B /* MAFriendListViewController.m in Sources */,
				9BC2311C184B2EC1005ADD59 /* MAAccountDetailSectionHeader.m in Sources */,
				D8D5E5D619C5F645003D5FFE /* MAMemberAccountListViewController.m in Sources */,
				9BCAC03718322997000417FD /* MAAppDelegate.m in Sources */,
				D82541121998FF4F00559835 /* MFriend.m in Sources */,
				9BC23116184B27FD005ADD59 /* MAAccountDetailConsumerDetailCell.m in Sources */,
				D88D00F71999239200E929B7 /* NSDecimalNumber+MAAddition.m in Sources */,
				9B88939F1854C7F8003A9DCB /* NSDate+MAAddition.m in Sources */,
				9B079B75185A0E03003C654B /* MAFriendManager.m in Sources */,
				9B889393185446B4003A9DCB /* MAMemberDetailViewController.m in Sources */,
				9BC2310D184B2799005ADD59 /* MAAccountDetailPayersCell.m in Sources */,
				9B079B81185C8BE5003C654B /* MAFriendListCell.m in Sources */,
				9B2085BD1853760C009C03BD /* MAAlertView.m in Sources */,
				9BD0E7871845E87600BA9F2E /* MATabAccountListCell.m in Sources */,
				9BD0E7AA18479E0800BA9F2E /* MAGroupListViewController.m in Sources */,
				9BC23119184B281D005ADD59 /* MAAccountDetailDescriptionCell.m in Sources */,
				9BD0E7B41847ADB100BA9F2E /* MAAccountManager.m in Sources */,
				9BC23113184B27DE005ADD59 /* MAAccountDetailLocationCell.m in Sources */,
				D8E25ABD19927FB9006772B4 /* MAAccountSettlementCell.m in Sources */,
				9B726B0418BF862500ACDD99 /* UIViewController+MAAddition.m in Sources */,
				9B391C6A183525940025A2FB /* MatesAccounting.xcdatamodeld in Sources */,
				9B391C80183527CE0025A2FB /* MATabMoreViewController.m in Sources */,
				9B391C7D183527CE0025A2FB /* MARootTabBarController.m in Sources */,
				D82541151998FF4F00559835 /* MGroup.m in Sources */,
				D8B68E2519A63FD500810E64 /* MPlace.m in Sources */,
				9B391C7E183527CE0025A2FB /* MATabAccountViewController.m in Sources */,
				D89508F71A014DDB00D45361 /* MATabTableView.m in Sources */,
				D897ED0E19CEC72500210CD8 /* MAMemberAccountListSectionHeader.m in Sources */,
				9B25AA0F18532E41008D79B7 /* MAMemberListViewController.m in Sources */,
				9BD0E7AE1847A93800BA9F2E /* MAGroupListCell.m in Sources */,
				9BB88C851865679500C16895 /* MAManagerPublicDefinitions.m in Sources */,
				9BD0E7A018465AB500BA9F2E /* MATabAccountGroupInfoCell.m in Sources */,
				9BC23110184B27BA005ADD59 /* MAAccountDetailConsumersCell.m in Sources */,
				9B391C9E1835F0D40025A2FB /* MAContextAPI.m in Sources */,
				9BD0E7B11847AC9F00BA9F2E /* NSObject+MAAddition.m in Sources */,
				9B25AA1C1853472C008D79B7 /* MAMemberListSectionEmptyCell.m in Sources */,
				D825410F1998FF4F00559835 /* MAccount.m in Sources */,
				9BC2310A184B2776005ADD59 /* MAAccountDetailDateCell.m in Sources */,
				D8530B5E19A4E92000396DFF /* MALocationManager.m in Sources */,
				9BCAC03318322997000417FD /* main.mm in Sources */,
				9B8893991854AA43003A9DCB /* MAMemberDetailBirthdayCell.m in Sources */,
				9BC23104184B1F11005ADD59 /* MAAccountDetailViewController.m in Sources */,
				9B88939618545A60003A9DCB /* MAMemberDetailCommonCell.m in Sources */,
				9BD0E7911845F9F100BA9F2E /* MAGroupManager.m in Sources */,
				D868238919AE2B2C001E3A07 /* NSObject+MAMethodSwizzle.m in Sources */,
				9B391C8518352C670025A2FB /* MARootContextManager.m in Sources */,
				D88E3E631995177400FA5005 /* UIApplication+MAAddition.m in Sources */,
				9B391C81183527CE0025A2FB /* MATabPaymentViewController.m in Sources */,
				9BD0E7A6184796FF00BA9F2E /* MATabAccountListSectionHeader.m in Sources */,
				D8D5E5D319C48A12003D5FFE /* MAAccountDetailDeleteCell.m in Sources */,
				9B079B72185A0B26003C654B /* MATabMemberListCell.m in Sources */,
				D8EC817819A3AE4300AFCD13 /* MGroup+expand.m in Sources */,
				9BC23107184B274F005ADD59 /* MAAccountDetailFeeCell.m in Sources */,
				D825410C1998FF4F00559835 /* RMemberToAccount.m in Sources */,
				D88E3EA21996869600FA5005 /* NSString+MAAddition.m in Sources */,
				D8841FAA19D86FED0080A986 /* MAObserverObject.m in Sources */,
				D840328619A24DD4002E772C /* MATestDataGenerater.m in Sources */,
				9B079B86185D8436003C654B /* MABaseCell.m in Sources */,
				9B391C7C183527CE0025A2FB /* MARootNavigationController.m in Sources */,
				9B25AA1F185350FE008D79B7 /* UIColor+MAAddition.m in Sources */,
				D88E3E7B1996745100FA5005 /* RMemberToGroup+expand.m in Sources */,
				9B391C8918352F580025A2FB /* MAUtilityTools.m in Sources */,
				9BC230FB1849FFA6005ADD59 /* MAGroupDetailViewController.m in Sources */,
				9BD0E78D1845F82900BA9F2E /* UIView+MAAddition.m in Sources */,
				D88E3E6619951B9E00FA5005 /* MARootNavigationControllerDelegate.m in Sources */,
				9B25AA1418533DBC008D79B7 /* MAMemberListCell.m in Sources */,
				D8A64C7419B62F8100ED1E47 /* MACommonPersistent.m in Sources */,
			);
			runOnlyForDeploymentPostprocessing = 0;
		};
		9BCAC03D18322997000417FD /* Sources */ = {
			isa = PBXSourcesBuildPhase;
			buildActionMask = 2147483647;
			files = (
				9BCAC05018322997000417FD /* MatesAccountingTests.m in Sources */,
				D840328719A24DD4002E772C /* MATestDataGenerater.m in Sources */,
			);
			runOnlyForDeploymentPostprocessing = 0;
		};
/* End PBXSourcesBuildPhase section */

/* Begin PBXTargetDependency section */
		9BCAC04818322997000417FD /* PBXTargetDependency */ = {
			isa = PBXTargetDependency;
			target = 9BCAC02018322997000417FD /* MatesAccounting */;
			targetProxy = 9BCAC04718322997000417FD /* PBXContainerItemProxy */;
		};
		D841B55F19D5BC1C0072BE51 /* PBXTargetDependency */ = {
			isa = PBXTargetDependency;
			target = 9BCAC02018322997000417FD /* MatesAccounting */;
			targetProxy = D841B55E19D5BC1C0072BE51 /* PBXContainerItemProxy */;
		};
		D841B56119D5BC1C0072BE51 /* PBXTargetDependency */ = {
			isa = PBXTargetDependency;
			target = 9BCAC02018322997000417FD /* MatesAccounting */;
			targetProxy = D841B56019D5BC1C0072BE51 /* PBXContainerItemProxy */;
		};
/* End PBXTargetDependency section */

/* Begin PBXVariantGroup section */
		9BCAC02F18322997000417FD /* InfoPlist.strings */ = {
			isa = PBXVariantGroup;
			children = (
				9BCAC03018322997000417FD /* en */,
			);
			name = InfoPlist.strings;
			sourceTree = "<group>";
		};
		9BCAC04C18322997000417FD /* InfoPlist.strings */ = {
			isa = PBXVariantGroup;
			children = (
				9BCAC04D18322997000417FD /* en */,
			);
			name = InfoPlist.strings;
			sourceTree = "<group>";
		};
/* End PBXVariantGroup section */

/* Begin XCBuildConfiguration section */
		9BCAC05118322997000417FD /* Debug */ = {
			isa = XCBuildConfiguration;
			buildSettings = {
				ALWAYS_SEARCH_USER_PATHS = NO;
				CLANG_CXX_LANGUAGE_STANDARD = "gnu++0x";
				CLANG_CXX_LIBRARY = "libc++";
				CLANG_ENABLE_MODULES = YES;
				CLANG_ENABLE_OBJC_ARC = YES;
				CLANG_WARN_BOOL_CONVERSION = YES;
				CLANG_WARN_CONSTANT_CONVERSION = YES;
				CLANG_WARN_DIRECT_OBJC_ISA_USAGE = YES_ERROR;
				CLANG_WARN_EMPTY_BODY = YES;
				CLANG_WARN_ENUM_CONVERSION = YES;
				CLANG_WARN_INT_CONVERSION = YES;
				CLANG_WARN_OBJC_ROOT_CLASS = YES_ERROR;
				CLANG_WARN__DUPLICATE_METHOD_MATCH = YES;
				"CODE_SIGN_IDENTITY[sdk=iphoneos*]" = "iPhone Developer";
				COPY_PHASE_STRIP = NO;
				GCC_C_LANGUAGE_STANDARD = gnu99;
				GCC_DYNAMIC_NO_PIC = NO;
				GCC_OPTIMIZATION_LEVEL = 0;
				GCC_PREPROCESSOR_DEFINITIONS = (
					"DEBUG=1",
					"$(inherited)",
				);
				GCC_SYMBOLS_PRIVATE_EXTERN = NO;
				GCC_WARN_64_TO_32_BIT_CONVERSION = YES;
				GCC_WARN_ABOUT_RETURN_TYPE = YES_ERROR;
				GCC_WARN_UNDECLARED_SELECTOR = YES;
				GCC_WARN_UNINITIALIZED_AUTOS = YES;
				GCC_WARN_UNUSED_FUNCTION = YES;
				GCC_WARN_UNUSED_VARIABLE = YES;
				IPHONEOS_DEPLOYMENT_TARGET = 7.0;
				ONLY_ACTIVE_ARCH = YES;
				SDKROOT = iphoneos;
			};
			name = Debug;
		};
		9BCAC05218322997000417FD /* Release */ = {
			isa = XCBuildConfiguration;
			buildSettings = {
				ALWAYS_SEARCH_USER_PATHS = NO;
				CLANG_CXX_LANGUAGE_STANDARD = "gnu++0x";
				CLANG_CXX_LIBRARY = "libc++";
				CLANG_ENABLE_MODULES = YES;
				CLANG_ENABLE_OBJC_ARC = YES;
				CLANG_WARN_BOOL_CONVERSION = YES;
				CLANG_WARN_CONSTANT_CONVERSION = YES;
				CLANG_WARN_DIRECT_OBJC_ISA_USAGE = YES_ERROR;
				CLANG_WARN_EMPTY_BODY = YES;
				CLANG_WARN_ENUM_CONVERSION = YES;
				CLANG_WARN_INT_CONVERSION = YES;
				CLANG_WARN_OBJC_ROOT_CLASS = YES_ERROR;
				CLANG_WARN__DUPLICATE_METHOD_MATCH = YES;
				"CODE_SIGN_IDENTITY[sdk=iphoneos*]" = "iPhone Developer";
				COPY_PHASE_STRIP = YES;
				ENABLE_NS_ASSERTIONS = YES;
				GCC_C_LANGUAGE_STANDARD = gnu99;
				GCC_WARN_64_TO_32_BIT_CONVERSION = YES;
				GCC_WARN_ABOUT_RETURN_TYPE = YES_ERROR;
				GCC_WARN_UNDECLARED_SELECTOR = YES;
				GCC_WARN_UNINITIALIZED_AUTOS = YES;
				GCC_WARN_UNUSED_FUNCTION = YES;
				GCC_WARN_UNUSED_VARIABLE = YES;
				IPHONEOS_DEPLOYMENT_TARGET = 7.0;
				OTHER_CFLAGS = "-DNS_BLOCK_ASSERTIONS=1";
				SDKROOT = iphoneos;
				VALIDATE_PRODUCT = YES;
			};
			name = Release;
		};
		9BCAC05418322997000417FD /* Debug */ = {
			isa = XCBuildConfiguration;
			baseConfigurationReference = 126FE4C7B547E5213B9D238D /* Pods-MatesAccounting.debug.xcconfig */;
			buildSettings = {
				ASSETCATALOG_COMPILER_APPICON_NAME = AppIcon;
				ASSETCATALOG_COMPILER_LAUNCHIMAGE_NAME = LaunchImage;
				GCC_PRECOMPILE_PREFIX_HEADER = YES;
				GCC_PREFIX_HEADER = "MatesAccounting/MatesAccounting-Prefix.pch";
				GCC_TREAT_WARNINGS_AS_ERRORS = YES;
				INFOPLIST_FILE = "MatesAccounting/MatesAccounting-Info.plist";
				IPHONEOS_DEPLOYMENT_TARGET = 7.0;
				PRODUCT_NAME = "$(TARGET_NAME)";
				TARGETED_DEVICE_FAMILY = 1;
				WRAPPER_EXTENSION = app;
			};
			name = Debug;
		};
		9BCAC05518322997000417FD /* Release */ = {
			isa = XCBuildConfiguration;
			baseConfigurationReference = CE2DBCA6235A4E1685E06D85 /* Pods-MatesAccounting.release.xcconfig */;
			buildSettings = {
				ASSETCATALOG_COMPILER_APPICON_NAME = AppIcon;
				ASSETCATALOG_COMPILER_LAUNCHIMAGE_NAME = LaunchImage;
				GCC_PRECOMPILE_PREFIX_HEADER = YES;
				GCC_PREFIX_HEADER = "MatesAccounting/MatesAccounting-Prefix.pch";
				GCC_TREAT_WARNINGS_AS_ERRORS = YES;
				INFOPLIST_FILE = "MatesAccounting/MatesAccounting-Info.plist";
				IPHONEOS_DEPLOYMENT_TARGET = 7.0;
				PRODUCT_NAME = "$(TARGET_NAME)";
				TARGETED_DEVICE_FAMILY = 1;
				WRAPPER_EXTENSION = app;
			};
			name = Release;
		};
		9BCAC05718322997000417FD /* Debug */ = {
			isa = XCBuildConfiguration;
			baseConfigurationReference = 0A76ECDA5FA522704B00A22D /* Pods-MatesAccountingTests.debug.xcconfig */;
			buildSettings = {
				BUNDLE_LOADER = "$(TEST_HOST)";
				FRAMEWORK_SEARCH_PATHS = (
					"$(SDKROOT)/Developer/Library/Frameworks",
					"$(inherited)",
					"$(DEVELOPER_FRAMEWORKS_DIR)",
				);
				GCC_PRECOMPILE_PREFIX_HEADER = YES;
				GCC_PREFIX_HEADER = "MatesAccounting/MatesAccounting-Prefix.pch";
				GCC_PREPROCESSOR_DEFINITIONS = (
					"DEBUG=1",
					"$(inherited)",
				);
				INFOPLIST_FILE = "MatesAccountingTests/MatesAccountingTests-Info.plist";
				PRODUCT_NAME = "$(TARGET_NAME)";
				SDKROOT = iphoneos;
				TEST_HOST = "$(BUILT_PRODUCTS_DIR)/MatesAccounting.app/MatesAccounting";
				WRAPPER_EXTENSION = xctest;
			};
			name = Debug;
		};
		9BCAC05818322997000417FD /* Release */ = {
			isa = XCBuildConfiguration;
			baseConfigurationReference = C9402DAC03179E1880F3679F /* Pods-MatesAccountingTests.release.xcconfig */;
			buildSettings = {
				BUNDLE_LOADER = "$(TEST_HOST)";
				FRAMEWORK_SEARCH_PATHS = (
					"$(SDKROOT)/Developer/Library/Frameworks",
					"$(inherited)",
					"$(DEVELOPER_FRAMEWORKS_DIR)",
				);
				GCC_PRECOMPILE_PREFIX_HEADER = YES;
				GCC_PREFIX_HEADER = "MatesAccounting/MatesAccounting-Prefix.pch";
				INFOPLIST_FILE = "MatesAccountingTests/MatesAccountingTests-Info.plist";
				PRODUCT_NAME = "$(TARGET_NAME)";
				SDKROOT = iphoneos;
				TEST_HOST = "$(BUILT_PRODUCTS_DIR)/MatesAccounting.app/MatesAccounting";
				WRAPPER_EXTENSION = xctest;
			};
			name = Release;
		};
/* End XCBuildConfiguration section */

/* Begin XCConfigurationList section */
		9BCAC01C18322997000417FD /* Build configuration list for PBXProject "MatesAccounting" */ = {
			isa = XCConfigurationList;
			buildConfigurations = (
				9BCAC05118322997000417FD /* Debug */,
				9BCAC05218322997000417FD /* Release */,
			);
			defaultConfigurationIsVisible = 0;
			defaultConfigurationName = Release;
		};
		9BCAC05318322997000417FD /* Build configuration list for PBXNativeTarget "MatesAccounting" */ = {
			isa = XCConfigurationList;
			buildConfigurations = (
				9BCAC05418322997000417FD /* Debug */,
				9BCAC05518322997000417FD /* Release */,
			);
			defaultConfigurationIsVisible = 0;
			defaultConfigurationName = Release;
		};
		9BCAC05618322997000417FD /* Build configuration list for PBXNativeTarget "MatesAccountingTests" */ = {
			isa = XCConfigurationList;
			buildConfigurations = (
				9BCAC05718322997000417FD /* Debug */,
				9BCAC05818322997000417FD /* Release */,
			);
			defaultConfigurationIsVisible = 0;
			defaultConfigurationName = Release;
		};
/* End XCConfigurationList section */

/* Begin XCVersionGroup section */
		9B391C68183525940025A2FB /* MatesAccounting.xcdatamodeld */ = {
			isa = XCVersionGroup;
			children = (
				9B391C69183525940025A2FB /* MatesAccounting.xcdatamodel */,
			);
			currentVersion = 9B391C69183525940025A2FB /* MatesAccounting.xcdatamodel */;
			name = MatesAccounting.xcdatamodeld;
			path = MAModels/MatesAccounting.xcdatamodeld;
			sourceTree = "<group>";
			versionGroupType = wrapper.xcdatamodel;
		};
/* End XCVersionGroup section */
	};
	rootObject = 9BCAC01918322997000417FD /* Project object */;
}
